{
    "version": 3,
    "terraform_version": "0.11.13",
    "serial": 163,
    "lineage": "c6d293ab-3e7c-77d6-2cc6-7e01e180a92b",
    "modules": [
        {
            "path": [
                "root"
            ],
            "outputs": {
                "test-box-ip": {
                    "sensitive": false,
                    "type": "string",
                    "value": "10.50.11.114"
                },
                "userdata": {
                    "sensitive": false,
                    "type": "string",
                    "value": "#cloud-config\nruncmd:\n  - ip route replace default via 10.50.0.1 dev eth1 metric 1\n  - ip route del default dev eth0\n  - ip route del default dev eth2\nvelocloud:\n  vce:\n    vco: \"vco160-usca1.velocloud.net\"\n    activation_code: \"JESW-3YRR-38Z2-LU3J\"\n    vco_ignore_cert_errors: false\n"
                },
                "vce-eth0-private-ip": {
                    "sensitive": false,
                    "type": "string",
                    "value": "10.50.10.45"
                },
                "vce_eip": {
                    "sensitive": false,
                    "type": "string",
                    "value": "18.210.231.47"
                },
                "vpc_id": {
                    "sensitive": false,
                    "type": "string",
                    "value": "vpc-006d4cff9ce7cfc6e"
                }
            },
            "resources": {
                "aws_default_route_table.pub_rt": {
                    "type": "aws_default_route_table",
                    "depends_on": [
                        "aws_internet_gateway.gw",
                        "aws_vpc.vpc"
                    ],
                    "primary": {
                        "id": "rtb-0d0ddd0070db12ddd",
                        "attributes": {
                            "default_route_table_id": "rtb-0d0ddd0070db12ddd",
                            "id": "rtb-0d0ddd0070db12ddd",
                            "owner_id": "694101087909",
                            "propagating_vgws.#": "0",
                            "route.#": "1",
                            "route.1251532554.cidr_block": "0.0.0.0/0",
                            "route.1251532554.egress_only_gateway_id": "",
                            "route.1251532554.gateway_id": "igw-00643e521d49f862f",
                            "route.1251532554.instance_id": "",
                            "route.1251532554.ipv6_cidr_block": "",
                            "route.1251532554.nat_gateway_id": "",
                            "route.1251532554.network_interface_id": "",
                            "route.1251532554.transit_gateway_id": "",
                            "route.1251532554.vpc_peering_connection_id": "",
                            "tags.%": "1",
                            "tags.Name": "Velocloud Public Table",
                            "vpc_id": "vpc-006d4cff9ce7cfc6e"
                        },
                        "meta": {},
                        "tainted": false
                    },
                    "deposed": [],
                    "provider": "provider.aws"
                },
                "aws_eip.transport": {
                    "type": "aws_eip",
                    "depends_on": [
                        "aws_network_interface.transport"
                    ],
                    "primary": {
                        "id": "eipalloc-0f4325ee6f214da48",
                        "attributes": {
                            "association_id": "eipassoc-00153acb71a548f4f",
                            "domain": "vpc",
                            "id": "eipalloc-0f4325ee6f214da48",
                            "instance": "i-0c0a2ae9f7d23d97f",
                            "network_interface": "eni-0fe2e568f19a60490",
                            "private_dns": "ip-10-50-0-245.ec2.internal",
                            "private_ip": "10.50.0.245",
                            "public_dns": "ec2-18-210-231-47.compute-1.amazonaws.com",
                            "public_ip": "18.210.231.47",
                            "public_ipv4_pool": "amazon",
                            "tags.%": "1",
                            "tags.Name": "Velocloud Transport Int GE3",
                            "vpc": "true"
                        },
                        "meta": {
                            "e2bfb730-ecaa-11e6-8f88-34363bc7c4c0": {
                                "delete": 180000000000,
                                "read": 900000000000,
                                "update": 300000000000
                            }
                        },
                        "tainted": false
                    },
                    "deposed": [],
                    "provider": "provider.aws"
                },
                "aws_instance.Linux-01": {
                    "type": "aws_instance",
                    "depends_on": [
                        "aws_security_group.allow_velocloud",
                        "aws_subnet.priv2_subnet"
                    ],
                    "primary": {
                        "id": "i-0c667e5d6a9d6abaa",
                        "attributes": {
                            "ami": "ami-02da3a138888ced85",
                            "arn": "arn:aws:ec2:us-east-1:694101087909:instance/i-0c667e5d6a9d6abaa",
                            "associate_public_ip_address": "false",
                            "availability_zone": "us-east-1d",
                            "cpu_core_count": "1",
                            "cpu_threads_per_core": "1",
                            "credit_specification.#": "1",
                            "credit_specification.0.cpu_credits": "standard",
                            "disable_api_termination": "false",
                            "ebs_block_device.#": "0",
                            "ebs_optimized": "false",
                            "ephemeral_block_device.#": "0",
                            "get_password_data": "false",
                            "iam_instance_profile": "",
                            "id": "i-0c667e5d6a9d6abaa",
                            "instance_state": "running",
                            "instance_type": "t1.micro",
                            "ipv6_addresses.#": "0",
                            "key_name": "Craig",
                            "monitoring": "false",
                            "network_interface.#": "0",
                            "password_data": "",
                            "placement_group": "",
                            "primary_network_interface_id": "eni-01359980fe08246a5",
                            "private_dns": "ip-10-50-11-114.ec2.internal",
                            "private_ip": "10.50.11.114",
                            "public_dns": "",
                            "public_ip": "",
                            "root_block_device.#": "1",
                            "root_block_device.0.delete_on_termination": "true",
                            "root_block_device.0.iops": "100",
                            "root_block_device.0.volume_id": "vol-0e3ac4d64211a2afb",
                            "root_block_device.0.volume_size": "8",
                            "root_block_device.0.volume_type": "gp2",
                            "security_groups.#": "0",
                            "source_dest_check": "true",
                            "subnet_id": "subnet-0dbe4bdddf18493e0",
                            "tags.%": "1",
                            "tags.Name": "Velocloud Linux Test Workload",
                            "tenancy": "default",
                            "volume_tags.%": "0",
                            "vpc_security_group_ids.#": "1",
                            "vpc_security_group_ids.93862869": "sg-09981c89a85008ac4"
                        },
                        "meta": {
                            "e2bfb730-ecaa-11e6-8f88-34363bc7c4c0": {
                                "create": 600000000000,
                                "delete": 1200000000000,
                                "update": 600000000000
                            },
                            "schema_version": "1"
                        },
                        "tainted": false
                    },
                    "deposed": [],
                    "provider": "provider.aws"
                },
                "aws_instance.velocloud-edge": {
                    "type": "aws_instance",
                    "depends_on": [
                        "aws_security_group.allow_velocloud",
                        "aws_subnet.priv1_subnet",
                        "data.template_file.cloud-config"
                    ],
                    "primary": {
                        "id": "i-0c0a2ae9f7d23d97f",
                        "attributes": {
                            "ami": "ami-da7a56cc",
                            "arn": "arn:aws:ec2:us-east-1:694101087909:instance/i-0c0a2ae9f7d23d97f",
                            "associate_public_ip_address": "false",
                            "availability_zone": "us-east-1d",
                            "cpu_core_count": "2",
                            "cpu_threads_per_core": "2",
                            "credit_specification.#": "1",
                            "credit_specification.0.cpu_credits": "standard",
                            "disable_api_termination": "false",
                            "ebs_block_device.#": "0",
                            "ebs_optimized": "false",
                            "ephemeral_block_device.#": "0",
                            "get_password_data": "false",
                            "iam_instance_profile": "",
                            "id": "i-0c0a2ae9f7d23d97f",
                            "instance_state": "running",
                            "instance_type": "m4.xlarge",
                            "ipv6_addresses.#": "0",
                            "key_name": "Craig",
                            "monitoring": "false",
                            "network_interface.#": "0",
                            "password_data": "",
                            "placement_group": "",
                            "primary_network_interface_id": "eni-03c999ff64e65d75c",
                            "private_dns": "ip-10-50-10-45.ec2.internal",
                            "private_ip": "10.50.10.45",
                            "public_dns": "",
                            "public_ip": "",
                            "root_block_device.#": "1",
                            "root_block_device.0.delete_on_termination": "true",
                            "root_block_device.0.iops": "0",
                            "root_block_device.0.volume_id": "vol-08089d64bee2be4df",
                            "root_block_device.0.volume_size": "8",
                            "root_block_device.0.volume_type": "standard",
                            "security_groups.#": "0",
                            "source_dest_check": "false",
                            "subnet_id": "subnet-05a78227cc5587cf7",
                            "tags.%": "1",
                            "tags.Name": "Velocloud Virtual Edge",
                            "tenancy": "default",
                            "user_data": "7641b740b7d8b7a3e9b849a8f8407a6ca0ed5a9a",
                            "volume_tags.%": "0",
                            "vpc_security_group_ids.#": "1",
                            "vpc_security_group_ids.93862869": "sg-09981c89a85008ac4"
                        },
                        "meta": {
                            "e2bfb730-ecaa-11e6-8f88-34363bc7c4c0": {
                                "create": 600000000000,
                                "delete": 1200000000000,
                                "update": 600000000000
                            },
                            "schema_version": "1"
                        },
                        "tainted": false
                    },
                    "deposed": [],
                    "provider": "provider.aws"
                },
                "aws_internet_gateway.gw": {
                    "type": "aws_internet_gateway",
                    "depends_on": [
                        "aws_vpc.vpc"
                    ],
                    "primary": {
                        "id": "igw-00643e521d49f862f",
                        "attributes": {
                            "id": "igw-00643e521d49f862f",
                            "owner_id": "694101087909",
                            "tags.%": "1",
                            "tags.Name": "Internet gateway",
                            "vpc_id": "vpc-006d4cff9ce7cfc6e"
                        },
                        "meta": {},
                        "tainted": false
                    },
                    "deposed": [],
                    "provider": "provider.aws"
                },
                "aws_network_interface.transport": {
                    "type": "aws_network_interface",
                    "depends_on": [
                        "aws_instance.velocloud-edge",
                        "aws_security_group.allow_velocloud",
                        "aws_subnet.public_subnet"
                    ],
                    "primary": {
                        "id": "eni-0fe2e568f19a60490",
                        "attributes": {
                            "attachment.#": "1",
                            "attachment.1011055968.attachment_id": "eni-attach-00c6a2cecac46affc",
                            "attachment.1011055968.device_index": "1",
                            "attachment.1011055968.instance": "i-0c0a2ae9f7d23d97f",
                            "description": "",
                            "id": "eni-0fe2e568f19a60490",
                            "private_dns_name": "",
                            "private_ip": "10.50.0.245",
                            "private_ips.#": "1",
                            "private_ips.3555787925": "10.50.0.245",
                            "security_groups.#": "1",
                            "security_groups.93862869": "sg-09981c89a85008ac4",
                            "source_dest_check": "false",
                            "subnet_id": "subnet-0fdf4a960a2ae7c2c",
                            "tags.%": "1",
                            "tags.Name": "Velocloud Transport Interface (GE2 / eth1)"
                        },
                        "meta": {},
                        "tainted": false
                    },
                    "deposed": [],
                    "provider": "provider.aws"
                },
                "aws_network_interface.vce_lan": {
                    "type": "aws_network_interface",
                    "depends_on": [
                        "aws_instance.velocloud-edge",
                        "aws_security_group.allow_velocloud",
                        "aws_subnet.priv2_subnet"
                    ],
                    "primary": {
                        "id": "eni-0b70f0c74b4f64b43",
                        "attributes": {
                            "attachment.#": "1",
                            "attachment.393096867.attachment_id": "eni-attach-0a2d8c22459ee86a1",
                            "attachment.393096867.device_index": "2",
                            "attachment.393096867.instance": "i-0c0a2ae9f7d23d97f",
                            "description": "",
                            "id": "eni-0b70f0c74b4f64b43",
                            "private_dns_name": "",
                            "private_ip": "10.50.11.193",
                            "private_ips.#": "1",
                            "private_ips.1949937250": "10.50.11.193",
                            "security_groups.#": "1",
                            "security_groups.93862869": "sg-09981c89a85008ac4",
                            "source_dest_check": "false",
                            "subnet_id": "subnet-0dbe4bdddf18493e0",
                            "tags.%": "1",
                            "tags.Name": "Velocloud LAN Interface (GE3 / eth2)"
                        },
                        "meta": {},
                        "tainted": false
                    },
                    "deposed": [],
                    "provider": "provider.aws"
                },
                "aws_route_table.priv_rt1": {
                    "type": "aws_route_table",
                    "depends_on": [
                        "aws_vpc.vpc"
                    ],
                    "primary": {
                        "id": "rtb-0d0cd761993bdfff8",
                        "attributes": {
                            "id": "rtb-0d0cd761993bdfff8",
                            "owner_id": "694101087909",
                            "propagating_vgws.#": "0",
                            "route.#": "0",
                            "tags.%": "1",
                            "tags.Name": "Velocloud Private RT 1 - Management Facing",
                            "vpc_id": "vpc-006d4cff9ce7cfc6e"
                        },
                        "meta": {},
                        "tainted": false
                    },
                    "deposed": [],
                    "provider": "provider.aws"
                },
                "aws_route_table.priv_rt2": {
                    "type": "aws_route_table",
                    "depends_on": [
                        "aws_network_interface.vce_lan",
                        "aws_vpc.vpc"
                    ],
                    "primary": {
                        "id": "rtb-04c0cbda1b37fa8c7",
                        "attributes": {
                            "id": "rtb-04c0cbda1b37fa8c7",
                            "owner_id": "694101087909",
                            "propagating_vgws.#": "0",
                            "route.#": "1",
                            "route.4266543196.cidr_block": "0.0.0.0/0",
                            "route.4266543196.egress_only_gateway_id": "",
                            "route.4266543196.gateway_id": "",
                            "route.4266543196.instance_id": "i-0c0a2ae9f7d23d97f",
                            "route.4266543196.ipv6_cidr_block": "",
                            "route.4266543196.nat_gateway_id": "",
                            "route.4266543196.network_interface_id": "eni-0b70f0c74b4f64b43",
                            "route.4266543196.transit_gateway_id": "",
                            "route.4266543196.vpc_peering_connection_id": "",
                            "tags.%": "1",
                            "tags.Name": "Velocloud Private RT 2 - LAN Facing",
                            "vpc_id": "vpc-006d4cff9ce7cfc6e"
                        },
                        "meta": {},
                        "tainted": false
                    },
                    "deposed": [],
                    "provider": "provider.aws"
                },
                "aws_route_table_association.priv1_sub_ass": {
                    "type": "aws_route_table_association",
                    "depends_on": [
                        "aws_route_table.priv_rt1",
                        "aws_subnet.priv1_subnet"
                    ],
                    "primary": {
                        "id": "rtbassoc-0a87382405826ca32",
                        "attributes": {
                            "id": "rtbassoc-0a87382405826ca32",
                            "route_table_id": "rtb-0d0cd761993bdfff8",
                            "subnet_id": "subnet-05a78227cc5587cf7"
                        },
                        "meta": {},
                        "tainted": false
                    },
                    "deposed": [],
                    "provider": "provider.aws"
                },
                "aws_route_table_association.priv2_sub_ass": {
                    "type": "aws_route_table_association",
                    "depends_on": [
                        "aws_route_table.priv_rt2",
                        "aws_subnet.priv2_subnet"
                    ],
                    "primary": {
                        "id": "rtbassoc-0f1671043bd91dba9",
                        "attributes": {
                            "id": "rtbassoc-0f1671043bd91dba9",
                            "route_table_id": "rtb-04c0cbda1b37fa8c7",
                            "subnet_id": "subnet-0dbe4bdddf18493e0"
                        },
                        "meta": {},
                        "tainted": false
                    },
                    "deposed": [],
                    "provider": "provider.aws"
                },
                "aws_route_table_association.pub_sub_ass": {
                    "type": "aws_route_table_association",
                    "depends_on": [
                        "aws_default_route_table.pub_rt",
                        "aws_subnet.public_subnet"
                    ],
                    "primary": {
                        "id": "rtbassoc-079e01ea43ea5221a",
                        "attributes": {
                            "id": "rtbassoc-079e01ea43ea5221a",
                            "route_table_id": "rtb-0d0ddd0070db12ddd",
                            "subnet_id": "subnet-0fdf4a960a2ae7c2c"
                        },
                        "meta": {},
                        "tainted": false
                    },
                    "deposed": [],
                    "provider": "provider.aws"
                },
                "aws_security_group.allow_velocloud": {
                    "type": "aws_security_group",
                    "depends_on": [
                        "aws_vpc.vpc"
                    ],
                    "primary": {
                        "id": "sg-09981c89a85008ac4",
                        "attributes": {
                            "arn": "arn:aws:ec2:us-east-1:694101087909:security-group/sg-09981c89a85008ac4",
                            "description": "Allow ",
                            "egress.#": "1",
                            "egress.482069346.cidr_blocks.#": "1",
                            "egress.482069346.cidr_blocks.0": "0.0.0.0/0",
                            "egress.482069346.description": "",
                            "egress.482069346.from_port": "0",
                            "egress.482069346.ipv6_cidr_blocks.#": "0",
                            "egress.482069346.prefix_list_ids.#": "0",
                            "egress.482069346.protocol": "-1",
                            "egress.482069346.security_groups.#": "0",
                            "egress.482069346.self": "false",
                            "egress.482069346.to_port": "0",
                            "id": "sg-09981c89a85008ac4",
                            "ingress.#": "3",
                            "ingress.2541437006.cidr_blocks.#": "1",
                            "ingress.2541437006.cidr_blocks.0": "0.0.0.0/0",
                            "ingress.2541437006.description": "",
                            "ingress.2541437006.from_port": "22",
                            "ingress.2541437006.ipv6_cidr_blocks.#": "0",
                            "ingress.2541437006.prefix_list_ids.#": "0",
                            "ingress.2541437006.protocol": "tcp",
                            "ingress.2541437006.security_groups.#": "0",
                            "ingress.2541437006.self": "false",
                            "ingress.2541437006.to_port": "22",
                            "ingress.3068409405.cidr_blocks.#": "1",
                            "ingress.3068409405.cidr_blocks.0": "0.0.0.0/0",
                            "ingress.3068409405.description": "",
                            "ingress.3068409405.from_port": "8",
                            "ingress.3068409405.ipv6_cidr_blocks.#": "0",
                            "ingress.3068409405.prefix_list_ids.#": "0",
                            "ingress.3068409405.protocol": "icmp",
                            "ingress.3068409405.security_groups.#": "0",
                            "ingress.3068409405.self": "false",
                            "ingress.3068409405.to_port": "0",
                            "ingress.4046791028.cidr_blocks.#": "1",
                            "ingress.4046791028.cidr_blocks.0": "0.0.0.0/0",
                            "ingress.4046791028.description": "",
                            "ingress.4046791028.from_port": "2426",
                            "ingress.4046791028.ipv6_cidr_blocks.#": "0",
                            "ingress.4046791028.prefix_list_ids.#": "0",
                            "ingress.4046791028.protocol": "tcp",
                            "ingress.4046791028.security_groups.#": "0",
                            "ingress.4046791028.self": "false",
                            "ingress.4046791028.to_port": "2426",
                            "name": "allow_velocloud",
                            "owner_id": "694101087909",
                            "revoke_rules_on_delete": "false",
                            "tags.%": "1",
                            "tags.Name": "allow_all",
                            "vpc_id": "vpc-006d4cff9ce7cfc6e"
                        },
                        "meta": {
                            "e2bfb730-ecaa-11e6-8f88-34363bc7c4c0": {
                                "create": 600000000000,
                                "delete": 600000000000
                            },
                            "schema_version": "1"
                        },
                        "tainted": false
                    },
                    "deposed": [],
                    "provider": "provider.aws"
                },
                "aws_subnet.priv1_subnet": {
                    "type": "aws_subnet",
                    "depends_on": [
                        "aws_vpc.vpc"
                    ],
                    "primary": {
                        "id": "subnet-05a78227cc5587cf7",
                        "attributes": {
                            "arn": "arn:aws:ec2:us-east-1:694101087909:subnet/subnet-05a78227cc5587cf7",
                            "assign_ipv6_address_on_creation": "false",
                            "availability_zone": "us-east-1d",
                            "availability_zone_id": "use1-az4",
                            "cidr_block": "10.50.10.0/24",
                            "id": "subnet-05a78227cc5587cf7",
                            "ipv6_cidr_block": "",
                            "ipv6_cidr_block_association_id": "",
                            "map_public_ip_on_launch": "false",
                            "owner_id": "694101087909",
                            "tags.%": "1",
                            "tags.Name": "Velocloud Private Subnet 1",
                            "vpc_id": "vpc-006d4cff9ce7cfc6e"
                        },
                        "meta": {
                            "e2bfb730-ecaa-11e6-8f88-34363bc7c4c0": {
                                "create": 600000000000,
                                "delete": 600000000000
                            },
                            "schema_version": "1"
                        },
                        "tainted": false
                    },
                    "deposed": [],
                    "provider": "provider.aws"
                },
                "aws_subnet.priv2_subnet": {
                    "type": "aws_subnet",
                    "depends_on": [
                        "aws_vpc.vpc"
                    ],
                    "primary": {
                        "id": "subnet-0dbe4bdddf18493e0",
                        "attributes": {
                            "arn": "arn:aws:ec2:us-east-1:694101087909:subnet/subnet-0dbe4bdddf18493e0",
                            "assign_ipv6_address_on_creation": "false",
                            "availability_zone": "us-east-1d",
                            "availability_zone_id": "use1-az4",
                            "cidr_block": "10.50.11.0/24",
                            "id": "subnet-0dbe4bdddf18493e0",
                            "ipv6_cidr_block": "",
                            "ipv6_cidr_block_association_id": "",
                            "map_public_ip_on_launch": "false",
                            "owner_id": "694101087909",
                            "tags.%": "1",
                            "tags.Name": "Velocloud Private Subnet 2",
                            "vpc_id": "vpc-006d4cff9ce7cfc6e"
                        },
                        "meta": {
                            "e2bfb730-ecaa-11e6-8f88-34363bc7c4c0": {
                                "create": 600000000000,
                                "delete": 600000000000
                            },
                            "schema_version": "1"
                        },
                        "tainted": false
                    },
                    "deposed": [],
                    "provider": "provider.aws"
                },
                "aws_subnet.public_subnet": {
                    "type": "aws_subnet",
                    "depends_on": [
                        "aws_vpc.vpc"
                    ],
                    "primary": {
                        "id": "subnet-0fdf4a960a2ae7c2c",
                        "attributes": {
                            "arn": "arn:aws:ec2:us-east-1:694101087909:subnet/subnet-0fdf4a960a2ae7c2c",
                            "assign_ipv6_address_on_creation": "false",
                            "availability_zone": "us-east-1d",
                            "availability_zone_id": "use1-az4",
                            "cidr_block": "10.50.0.0/24",
                            "id": "subnet-0fdf4a960a2ae7c2c",
                            "ipv6_cidr_block": "",
                            "ipv6_cidr_block_association_id": "",
                            "map_public_ip_on_launch": "false",
                            "owner_id": "694101087909",
                            "tags.%": "1",
                            "tags.Name": "Velocloud Public Subnet",
                            "vpc_id": "vpc-006d4cff9ce7cfc6e"
                        },
                        "meta": {
                            "e2bfb730-ecaa-11e6-8f88-34363bc7c4c0": {
                                "create": 600000000000,
                                "delete": 600000000000
                            },
                            "schema_version": "1"
                        },
                        "tainted": false
                    },
                    "deposed": [],
                    "provider": "provider.aws"
                },
                "aws_vpc.vpc": {
                    "type": "aws_vpc",
                    "depends_on": [],
                    "primary": {
                        "id": "vpc-006d4cff9ce7cfc6e",
                        "attributes": {
                            "arn": "arn:aws:ec2:us-east-1:694101087909:vpc/vpc-006d4cff9ce7cfc6e",
                            "assign_generated_ipv6_cidr_block": "false",
                            "cidr_block": "10.50.0.0/16",
                            "default_network_acl_id": "acl-0a67c8f1120516e82",
                            "default_route_table_id": "rtb-0d0ddd0070db12ddd",
                            "default_security_group_id": "sg-0f790691dc5332fc8",
                            "dhcp_options_id": "dopt-fa8d8a9c",
                            "enable_classiclink": "false",
                            "enable_classiclink_dns_support": "false",
                            "enable_dns_hostnames": "false",
                            "enable_dns_support": "true",
                            "id": "vpc-006d4cff9ce7cfc6e",
                            "instance_tenancy": "default",
                            "ipv6_association_id": "",
                            "ipv6_cidr_block": "",
                            "main_route_table_id": "rtb-0d0ddd0070db12ddd",
                            "owner_id": "694101087909",
                            "tags.%": "1",
                            "tags.Name": "Velocloud VPC Playground"
                        },
                        "meta": {
                            "schema_version": "1"
                        },
                        "tainted": false
                    },
                    "deposed": [],
                    "provider": "provider.aws"
                },
                "data.aws_availability_zones.all": {
                    "type": "aws_availability_zones",
                    "depends_on": [],
                    "primary": {
                        "id": "2019-03-22 14:19:50.382948 +0000 UTC",
                        "attributes": {
                            "id": "2019-03-22 14:19:50.382948 +0000 UTC",
                            "names.#": "6",
                            "names.0": "us-east-1a",
                            "names.1": "us-east-1b",
                            "names.2": "us-east-1c",
                            "names.3": "us-east-1d",
                            "names.4": "us-east-1e",
                            "names.5": "us-east-1f",
                            "zone_ids.#": "6",
                            "zone_ids.0": "use1-az6",
                            "zone_ids.1": "use1-az1",
                            "zone_ids.2": "use1-az2",
                            "zone_ids.3": "use1-az4",
                            "zone_ids.4": "use1-az3",
                            "zone_ids.5": "use1-az5"
                        },
                        "meta": {},
                        "tainted": false
                    },
                    "deposed": [],
                    "provider": "provider.aws"
                },
                "data.template_file.cloud-config": {
                    "type": "template_file",
                    "depends_on": [],
                    "primary": {
                        "id": "7963810e0926e7c2a7355d8cb4a8e8e25b8fc9f3762af1acc37a49ec51c80b2c",
                        "attributes": {
                            "id": "7963810e0926e7c2a7355d8cb4a8e8e25b8fc9f3762af1acc37a49ec51c80b2c",
                            "rendered": "#cloud-config\nruncmd:\n  - ip route replace default via 10.50.0.1 dev eth1 metric 1\n  - ip route del default dev eth0\n  - ip route del default dev eth2\nvelocloud:\n  vce:\n    vco: \"vco160-usca1.velocloud.net\"\n    activation_code: \"JESW-3YRR-38Z2-LU3J\"\n    vco_ignore_cert_errors: false\n",
                            "template": "#cloud-config\nruncmd:\n  - ip route replace default via 10.50.0.1 dev eth1 metric 1\n  - ip route del default dev eth0\n  - ip route del default dev eth2\nvelocloud:\n  vce:\n    vco: \"vco160-usca1.velocloud.net\"\n    activation_code: \"JESW-3YRR-38Z2-LU3J\"\n    vco_ignore_cert_errors: false\n"
                        },
                        "meta": {},
                        "tainted": false
                    },
                    "deposed": [],
                    "provider": "provider.template"
                }
            },
            "depends_on": []
        }
    ]
}
