{
    "version": 3,
    "terraform_version": "0.11.13",
    "serial": 151,
    "lineage": "c6d293ab-3e7c-77d6-2cc6-7e01e180a92b",
    "modules": [
        {
            "path": [
                "root"
            ],
            "outputs": {
                "jumpbox_eip": {
                    "sensitive": false,
                    "type": "string",
                    "value": "18.235.11.94"
                },
                "userdata": {
                    "sensitive": false,
                    "type": "string",
                    "value": "#cloud-config\nvelocloud:\n  vce:\n    vco: \"vco160-usca1.velocloud.net\"\n    activation_code: \"JE87-MYZL-VH6Y-CWWR\"\n    vco_ignore_cert_errors: false\n"
                },
                "vce-eth0-private-ip": {
                    "sensitive": false,
                    "type": "string",
                    "value": "10.50.10.57"
                },
                "vce_eip": {
                    "sensitive": false,
                    "type": "string",
                    "value": "34.236.64.147"
                },
                "vpc_id": {
                    "sensitive": false,
                    "type": "string",
                    "value": "vpc-0e9c677726ee32e18"
                }
            },
            "resources": {
                "aws_default_route_table.pub_rt": {
                    "type": "aws_default_route_table",
                    "depends_on": [
                        "aws_internet_gateway.gw",
                        "aws_vpc.vpc"
                    ],
                    "primary": {
                        "id": "rtb-09f2921a540131e8f",
                        "attributes": {
                            "default_route_table_id": "rtb-09f2921a540131e8f",
                            "id": "rtb-09f2921a540131e8f",
                            "owner_id": "694101087909",
                            "propagating_vgws.#": "0",
                            "route.#": "1",
                            "route.432442703.cidr_block": "0.0.0.0/0",
                            "route.432442703.egress_only_gateway_id": "",
                            "route.432442703.gateway_id": "igw-00a82b09b94494a8d",
                            "route.432442703.instance_id": "",
                            "route.432442703.ipv6_cidr_block": "",
                            "route.432442703.nat_gateway_id": "",
                            "route.432442703.network_interface_id": "",
                            "route.432442703.transit_gateway_id": "",
                            "route.432442703.vpc_peering_connection_id": "",
                            "tags.%": "1",
                            "tags.Name": "Velocloud Public Table",
                            "vpc_id": "vpc-0e9c677726ee32e18"
                        },
                        "meta": {},
                        "tainted": false
                    },
                    "deposed": [],
                    "provider": "provider.aws"
                },
                "aws_eip.jumpbox_eip": {
                    "type": "aws_eip",
                    "depends_on": [
                        "aws_network_interface.jump_pub_int"
                    ],
                    "primary": {
                        "id": "eipalloc-09a84aa331f4bbcb2",
                        "attributes": {
                            "association_id": "eipassoc-089e9390b95762c72",
                            "domain": "vpc",
                            "id": "eipalloc-09a84aa331f4bbcb2",
                            "instance": "",
                            "network_interface": "eni-009308210f038db8d",
                            "private_dns": "ip-10-50-0-122.ec2.internal",
                            "private_ip": "10.50.0.122",
                            "public_dns": "ec2-18-235-11-94.compute-1.amazonaws.com",
                            "public_ip": "18.235.11.94",
                            "public_ipv4_pool": "amazon",
                            "tags.%": "0",
                            "vpc": "true"
                        },
                        "meta": {
                            "e2bfb730-ecaa-11e6-8f88-34363bc7c4c0": {
                                "delete": 180000000000,
                                "read": 900000000000,
                                "update": 300000000000
                            }
                        },
                        "tainted": false
                    },
                    "deposed": [],
                    "provider": "provider.aws"
                },
                "aws_eip.transport": {
                    "type": "aws_eip",
                    "depends_on": [
                        "aws_network_interface.transport"
                    ],
                    "primary": {
                        "id": "eipalloc-09dfb60554607c547",
                        "attributes": {
                            "association_id": "eipassoc-060e66c1a8c792522",
                            "domain": "vpc",
                            "id": "eipalloc-09dfb60554607c547",
                            "instance": "i-05e5afbca49cd7c56",
                            "network_interface": "eni-0b8e9971f24f90d14",
                            "private_dns": "ip-10-50-0-185.ec2.internal",
                            "private_ip": "10.50.0.185",
                            "public_dns": "ec2-34-236-64-147.compute-1.amazonaws.com",
                            "public_ip": "34.236.64.147",
                            "public_ipv4_pool": "amazon",
                            "tags.%": "1",
                            "tags.Name": "Velocloud Transport Int GE3",
                            "vpc": "true"
                        },
                        "meta": {
                            "e2bfb730-ecaa-11e6-8f88-34363bc7c4c0": {
                                "delete": 180000000000,
                                "read": 900000000000,
                                "update": 300000000000
                            }
                        },
                        "tainted": false
                    },
                    "deposed": [],
                    "provider": "provider.aws"
                },
                "aws_instance.Linux-01": {
                    "type": "aws_instance",
                    "depends_on": [
                        "aws_subnet.priv2_subnet"
                    ],
                    "primary": {
                        "id": "i-05984d624897bba0d",
                        "attributes": {
                            "ami": "ami-02da3a138888ced85",
                            "arn": "arn:aws:ec2:us-east-1:694101087909:instance/i-05984d624897bba0d",
                            "associate_public_ip_address": "false",
                            "availability_zone": "us-east-1d",
                            "cpu_core_count": "1",
                            "cpu_threads_per_core": "1",
                            "credit_specification.#": "1",
                            "credit_specification.0.cpu_credits": "standard",
                            "disable_api_termination": "false",
                            "ebs_block_device.#": "0",
                            "ebs_optimized": "false",
                            "ephemeral_block_device.#": "0",
                            "get_password_data": "false",
                            "iam_instance_profile": "",
                            "id": "i-05984d624897bba0d",
                            "instance_state": "running",
                            "instance_type": "t1.micro",
                            "ipv6_addresses.#": "0",
                            "key_name": "Craig",
                            "monitoring": "false",
                            "network_interface.#": "0",
                            "password_data": "",
                            "placement_group": "",
                            "primary_network_interface_id": "eni-05336fdb083c0f358",
                            "private_dns": "ip-10-50-11-13.ec2.internal",
                            "private_ip": "10.50.11.13",
                            "public_dns": "",
                            "public_ip": "",
                            "root_block_device.#": "1",
                            "root_block_device.0.delete_on_termination": "true",
                            "root_block_device.0.iops": "100",
                            "root_block_device.0.volume_id": "vol-0297f682fa409e904",
                            "root_block_device.0.volume_size": "8",
                            "root_block_device.0.volume_type": "gp2",
                            "security_groups.#": "0",
                            "source_dest_check": "true",
                            "subnet_id": "subnet-0923d47b3dd920fc6",
                            "tags.%": "1",
                            "tags.Name": "Linux Test Workload",
                            "tenancy": "default",
                            "volume_tags.%": "0",
                            "vpc_security_group_ids.#": "1",
                            "vpc_security_group_ids.788506583": "sg-00f4c7fdb7708b334"
                        },
                        "meta": {
                            "e2bfb730-ecaa-11e6-8f88-34363bc7c4c0": {
                                "create": 600000000000,
                                "delete": 1200000000000,
                                "update": 600000000000
                            },
                            "schema_version": "1"
                        },
                        "tainted": false
                    },
                    "deposed": [],
                    "provider": "provider.aws"
                },
                "aws_instance.jumpbox": {
                    "type": "aws_instance",
                    "depends_on": [
                        "aws_network_interface.jump_priv_int",
                        "aws_network_interface.jump_pub_int"
                    ],
                    "primary": {
                        "id": "i-028d15ea33cc12bee",
                        "attributes": {
                            "ami": "ami-02da3a138888ced85",
                            "arn": "arn:aws:ec2:us-east-1:694101087909:instance/i-028d15ea33cc12bee",
                            "associate_public_ip_address": "false",
                            "availability_zone": "us-east-1d",
                            "cpu_core_count": "1",
                            "cpu_threads_per_core": "1",
                            "credit_specification.#": "1",
                            "credit_specification.0.cpu_credits": "standard",
                            "disable_api_termination": "false",
                            "ebs_block_device.#": "0",
                            "ebs_optimized": "false",
                            "ephemeral_block_device.#": "0",
                            "get_password_data": "false",
                            "iam_instance_profile": "",
                            "id": "i-028d15ea33cc12bee",
                            "instance_state": "running",
                            "instance_type": "t1.micro",
                            "ipv6_addresses.#": "0",
                            "key_name": "Craig",
                            "monitoring": "false",
                            "network_interface.#": "2",
                            "network_interface.3957478611.delete_on_termination": "false",
                            "network_interface.3957478611.device_index": "1",
                            "network_interface.3957478611.network_interface_id": "eni-009308210f038db8d",
                            "network_interface.4145450032.delete_on_termination": "false",
                            "network_interface.4145450032.device_index": "0",
                            "network_interface.4145450032.network_interface_id": "eni-0e9a1b3f0bd6f448a",
                            "password_data": "",
                            "placement_group": "",
                            "primary_network_interface_id": "eni-0e9a1b3f0bd6f448a",
                            "private_dns": "ip-10-50-10-181.ec2.internal",
                            "private_ip": "10.50.10.181",
                            "public_dns": "",
                            "public_ip": "",
                            "root_block_device.#": "1",
                            "root_block_device.0.delete_on_termination": "true",
                            "root_block_device.0.iops": "100",
                            "root_block_device.0.volume_id": "vol-054ed887fd5cfc270",
                            "root_block_device.0.volume_size": "8",
                            "root_block_device.0.volume_type": "gp2",
                            "security_groups.#": "0",
                            "source_dest_check": "true",
                            "subnet_id": "subnet-06d9b80150d40214f",
                            "tags.%": "1",
                            "tags.Name": "Velocloud Jumpbox",
                            "tenancy": "default",
                            "volume_tags.%": "0",
                            "vpc_security_group_ids.#": "1",
                            "vpc_security_group_ids.103697549": "sg-00f0a75d89b40746e"
                        },
                        "meta": {
                            "e2bfb730-ecaa-11e6-8f88-34363bc7c4c0": {
                                "create": 600000000000,
                                "delete": 1200000000000,
                                "update": 600000000000
                            },
                            "schema_version": "1"
                        },
                        "tainted": false
                    },
                    "deposed": [],
                    "provider": "provider.aws"
                },
                "aws_instance.velocloud-edge": {
                    "type": "aws_instance",
                    "depends_on": [
                        "aws_security_group.allow_velocloud",
                        "aws_subnet.priv1_subnet",
                        "data.template_file.cloud-config"
                    ],
                    "primary": {
                        "id": "i-05e5afbca49cd7c56",
                        "attributes": {
                            "ami": "ami-da7a56cc",
                            "arn": "arn:aws:ec2:us-east-1:694101087909:instance/i-05e5afbca49cd7c56",
                            "associate_public_ip_address": "false",
                            "availability_zone": "us-east-1d",
                            "cpu_core_count": "2",
                            "cpu_threads_per_core": "2",
                            "credit_specification.#": "1",
                            "credit_specification.0.cpu_credits": "standard",
                            "disable_api_termination": "false",
                            "ebs_block_device.#": "0",
                            "ebs_optimized": "false",
                            "ephemeral_block_device.#": "0",
                            "get_password_data": "false",
                            "iam_instance_profile": "",
                            "id": "i-05e5afbca49cd7c56",
                            "instance_state": "running",
                            "instance_type": "m4.xlarge",
                            "ipv6_addresses.#": "0",
                            "key_name": "Craig",
                            "monitoring": "false",
                            "network_interface.#": "0",
                            "password_data": "",
                            "placement_group": "",
                            "primary_network_interface_id": "eni-0407f32f628716ce0",
                            "private_dns": "ip-10-50-10-57.ec2.internal",
                            "private_ip": "10.50.10.57",
                            "public_dns": "",
                            "public_ip": "",
                            "root_block_device.#": "1",
                            "root_block_device.0.delete_on_termination": "true",
                            "root_block_device.0.iops": "0",
                            "root_block_device.0.volume_id": "vol-0d28df9a10524abb3",
                            "root_block_device.0.volume_size": "8",
                            "root_block_device.0.volume_type": "standard",
                            "security_groups.#": "0",
                            "source_dest_check": "false",
                            "subnet_id": "subnet-06d9b80150d40214f",
                            "tags.%": "1",
                            "tags.Name": "Velocloud Virtual Edge",
                            "tenancy": "default",
                            "user_data": "f74d0a7ec509dcfb0433a3569df114b15c7f498c",
                            "volume_tags.%": "0",
                            "vpc_security_group_ids.#": "1",
                            "vpc_security_group_ids.103697549": "sg-00f0a75d89b40746e"
                        },
                        "meta": {
                            "e2bfb730-ecaa-11e6-8f88-34363bc7c4c0": {
                                "create": 600000000000,
                                "delete": 1200000000000,
                                "update": 600000000000
                            },
                            "schema_version": "1"
                        },
                        "tainted": false
                    },
                    "deposed": [],
                    "provider": "provider.aws"
                },
                "aws_internet_gateway.gw": {
                    "type": "aws_internet_gateway",
                    "depends_on": [
                        "aws_vpc.vpc"
                    ],
                    "primary": {
                        "id": "igw-00a82b09b94494a8d",
                        "attributes": {
                            "id": "igw-00a82b09b94494a8d",
                            "owner_id": "694101087909",
                            "tags.%": "1",
                            "tags.Name": "Internet gateway",
                            "vpc_id": "vpc-0e9c677726ee32e18"
                        },
                        "meta": {},
                        "tainted": false
                    },
                    "deposed": [],
                    "provider": "provider.aws"
                },
                "aws_network_interface.jump_priv_int": {
                    "type": "aws_network_interface",
                    "depends_on": [
                        "aws_security_group.allow_velocloud",
                        "aws_subnet.priv1_subnet"
                    ],
                    "primary": {
                        "id": "eni-0e9a1b3f0bd6f448a",
                        "attributes": {
                            "attachment.#": "0",
                            "description": "",
                            "id": "eni-0e9a1b3f0bd6f448a",
                            "private_dns_name": "",
                            "private_ip": "10.50.10.181",
                            "private_ips.#": "1",
                            "private_ips.3192707007": "10.50.10.181",
                            "security_groups.#": "1",
                            "security_groups.103697549": "sg-00f0a75d89b40746e",
                            "source_dest_check": "true",
                            "subnet_id": "subnet-06d9b80150d40214f",
                            "tags.%": "1",
                            "tags.Name": "VCE Jumpbox private interface"
                        },
                        "meta": {},
                        "tainted": false
                    },
                    "deposed": [],
                    "provider": "provider.aws"
                },
                "aws_network_interface.jump_pub_int": {
                    "type": "aws_network_interface",
                    "depends_on": [
                        "aws_security_group.allow_velocloud",
                        "aws_subnet.public_subnet"
                    ],
                    "primary": {
                        "id": "eni-009308210f038db8d",
                        "attributes": {
                            "attachment.#": "0",
                            "description": "",
                            "id": "eni-009308210f038db8d",
                            "private_dns_name": "",
                            "private_ip": "10.50.0.122",
                            "private_ips.#": "1",
                            "private_ips.428443881": "10.50.0.122",
                            "security_groups.#": "1",
                            "security_groups.103697549": "sg-00f0a75d89b40746e",
                            "source_dest_check": "true",
                            "subnet_id": "subnet-0278e01cf08139a5f",
                            "tags.%": "1",
                            "tags.Name": "Velocloud Jumpbox public interface"
                        },
                        "meta": {},
                        "tainted": false
                    },
                    "deposed": [],
                    "provider": "provider.aws"
                },
                "aws_network_interface.transport": {
                    "type": "aws_network_interface",
                    "depends_on": [
                        "aws_instance.velocloud-edge",
                        "aws_security_group.allow_velocloud",
                        "aws_subnet.public_subnet"
                    ],
                    "primary": {
                        "id": "eni-0b8e9971f24f90d14",
                        "attributes": {
                            "attachment.#": "1",
                            "attachment.254350966.attachment_id": "eni-attach-05cd9d805e160aff1",
                            "attachment.254350966.device_index": "1",
                            "attachment.254350966.instance": "i-05e5afbca49cd7c56",
                            "description": "",
                            "id": "eni-0b8e9971f24f90d14",
                            "private_dns_name": "",
                            "private_ip": "10.50.0.185",
                            "private_ips.#": "1",
                            "private_ips.2097345984": "10.50.0.185",
                            "security_groups.#": "1",
                            "security_groups.103697549": "sg-00f0a75d89b40746e",
                            "source_dest_check": "false",
                            "subnet_id": "subnet-0278e01cf08139a5f",
                            "tags.%": "1",
                            "tags.Name": "Velocloud Transport Interface (GE2 / eth1)"
                        },
                        "meta": {},
                        "tainted": false
                    },
                    "deposed": [],
                    "provider": "provider.aws"
                },
                "aws_network_interface.vce_lan": {
                    "type": "aws_network_interface",
                    "depends_on": [
                        "aws_instance.velocloud-edge",
                        "aws_security_group.allow_velocloud",
                        "aws_subnet.priv2_subnet"
                    ],
                    "primary": {
                        "id": "eni-036ed6c2afce725d9",
                        "attributes": {
                            "attachment.#": "1",
                            "attachment.604259765.attachment_id": "eni-attach-05607062cbc99bb9f",
                            "attachment.604259765.device_index": "2",
                            "attachment.604259765.instance": "i-05e5afbca49cd7c56",
                            "description": "",
                            "id": "eni-036ed6c2afce725d9",
                            "private_dns_name": "",
                            "private_ip": "10.50.11.104",
                            "private_ips.#": "1",
                            "private_ips.1000308872": "10.50.11.104",
                            "security_groups.#": "1",
                            "security_groups.103697549": "sg-00f0a75d89b40746e",
                            "source_dest_check": "false",
                            "subnet_id": "subnet-0923d47b3dd920fc6",
                            "tags.%": "1",
                            "tags.Name": "Velocloud LAN Interface (GE3 / eth2)"
                        },
                        "meta": {},
                        "tainted": false
                    },
                    "deposed": [],
                    "provider": "provider.aws"
                },
                "aws_route_table.priv_rt1": {
                    "type": "aws_route_table",
                    "depends_on": [
                        "aws_vpc.vpc"
                    ],
                    "primary": {
                        "id": "rtb-03460615fa6f62314",
                        "attributes": {
                            "id": "rtb-03460615fa6f62314",
                            "owner_id": "694101087909",
                            "propagating_vgws.#": "0",
                            "route.#": "0",
                            "tags.%": "1",
                            "tags.Name": "Velocloud Private RT 1 - Management Facing",
                            "vpc_id": "vpc-0e9c677726ee32e18"
                        },
                        "meta": {},
                        "tainted": false
                    },
                    "deposed": [],
                    "provider": "provider.aws"
                },
                "aws_route_table.priv_rt2": {
                    "type": "aws_route_table",
                    "depends_on": [
                        "aws_network_interface.vce_lan",
                        "aws_vpc.vpc"
                    ],
                    "primary": {
                        "id": "rtb-01a9bacc6e77d60c8",
                        "attributes": {
                            "id": "rtb-01a9bacc6e77d60c8",
                            "propagating_vgws.#": "0",
                            "route.#": "0",
                            "tags.%": "1",
                            "tags.Name": "Velocloud Private RT 2 - LAN Facing",
                            "vpc_id": "vpc-0e9c677726ee32e18"
                        },
                        "meta": {},
                        "tainted": false
                    },
                    "deposed": [],
                    "provider": "provider.aws"
                },
                "aws_route_table_association.priv1_sub_ass": {
                    "type": "aws_route_table_association",
                    "depends_on": [
                        "aws_route_table.priv_rt1",
                        "aws_subnet.priv1_subnet"
                    ],
                    "primary": {
                        "id": "rtbassoc-01fce868daf9cc797",
                        "attributes": {
                            "id": "rtbassoc-01fce868daf9cc797",
                            "route_table_id": "rtb-03460615fa6f62314",
                            "subnet_id": "subnet-06d9b80150d40214f"
                        },
                        "meta": {},
                        "tainted": false
                    },
                    "deposed": [],
                    "provider": "provider.aws"
                },
                "aws_route_table_association.pub_sub_ass": {
                    "type": "aws_route_table_association",
                    "depends_on": [
                        "aws_default_route_table.pub_rt",
                        "aws_subnet.public_subnet"
                    ],
                    "primary": {
                        "id": "rtbassoc-0992280387b813471",
                        "attributes": {
                            "id": "rtbassoc-0992280387b813471",
                            "route_table_id": "rtb-09f2921a540131e8f",
                            "subnet_id": "subnet-0278e01cf08139a5f"
                        },
                        "meta": {},
                        "tainted": false
                    },
                    "deposed": [],
                    "provider": "provider.aws"
                },
                "aws_security_group.allow_velocloud": {
                    "type": "aws_security_group",
                    "depends_on": [
                        "aws_vpc.vpc"
                    ],
                    "primary": {
                        "id": "sg-00f0a75d89b40746e",
                        "attributes": {
                            "arn": "arn:aws:ec2:us-east-1:694101087909:security-group/sg-00f0a75d89b40746e",
                            "description": "Allow ",
                            "egress.#": "1",
                            "egress.482069346.cidr_blocks.#": "1",
                            "egress.482069346.cidr_blocks.0": "0.0.0.0/0",
                            "egress.482069346.description": "",
                            "egress.482069346.from_port": "0",
                            "egress.482069346.ipv6_cidr_blocks.#": "0",
                            "egress.482069346.prefix_list_ids.#": "0",
                            "egress.482069346.protocol": "-1",
                            "egress.482069346.security_groups.#": "0",
                            "egress.482069346.self": "false",
                            "egress.482069346.to_port": "0",
                            "id": "sg-00f0a75d89b40746e",
                            "ingress.#": "3",
                            "ingress.2541437006.cidr_blocks.#": "1",
                            "ingress.2541437006.cidr_blocks.0": "0.0.0.0/0",
                            "ingress.2541437006.description": "",
                            "ingress.2541437006.from_port": "22",
                            "ingress.2541437006.ipv6_cidr_blocks.#": "0",
                            "ingress.2541437006.prefix_list_ids.#": "0",
                            "ingress.2541437006.protocol": "tcp",
                            "ingress.2541437006.security_groups.#": "0",
                            "ingress.2541437006.self": "false",
                            "ingress.2541437006.to_port": "22",
                            "ingress.3068409405.cidr_blocks.#": "1",
                            "ingress.3068409405.cidr_blocks.0": "0.0.0.0/0",
                            "ingress.3068409405.description": "",
                            "ingress.3068409405.from_port": "8",
                            "ingress.3068409405.ipv6_cidr_blocks.#": "0",
                            "ingress.3068409405.prefix_list_ids.#": "0",
                            "ingress.3068409405.protocol": "icmp",
                            "ingress.3068409405.security_groups.#": "0",
                            "ingress.3068409405.self": "false",
                            "ingress.3068409405.to_port": "0",
                            "ingress.4046791028.cidr_blocks.#": "1",
                            "ingress.4046791028.cidr_blocks.0": "0.0.0.0/0",
                            "ingress.4046791028.description": "",
                            "ingress.4046791028.from_port": "2426",
                            "ingress.4046791028.ipv6_cidr_blocks.#": "0",
                            "ingress.4046791028.prefix_list_ids.#": "0",
                            "ingress.4046791028.protocol": "tcp",
                            "ingress.4046791028.security_groups.#": "0",
                            "ingress.4046791028.self": "false",
                            "ingress.4046791028.to_port": "2426",
                            "name": "allow_velocloud",
                            "owner_id": "694101087909",
                            "revoke_rules_on_delete": "false",
                            "tags.%": "1",
                            "tags.Name": "allow_all",
                            "vpc_id": "vpc-0e9c677726ee32e18"
                        },
                        "meta": {
                            "e2bfb730-ecaa-11e6-8f88-34363bc7c4c0": {
                                "create": 600000000000,
                                "delete": 600000000000
                            },
                            "schema_version": "1"
                        },
                        "tainted": false
                    },
                    "deposed": [],
                    "provider": "provider.aws"
                },
                "aws_subnet.priv1_subnet": {
                    "type": "aws_subnet",
                    "depends_on": [
                        "aws_vpc.vpc"
                    ],
                    "primary": {
                        "id": "subnet-06d9b80150d40214f",
                        "attributes": {
                            "arn": "arn:aws:ec2:us-east-1:694101087909:subnet/subnet-06d9b80150d40214f",
                            "assign_ipv6_address_on_creation": "false",
                            "availability_zone": "us-east-1d",
                            "availability_zone_id": "use1-az4",
                            "cidr_block": "10.50.10.0/24",
                            "id": "subnet-06d9b80150d40214f",
                            "ipv6_cidr_block": "",
                            "ipv6_cidr_block_association_id": "",
                            "map_public_ip_on_launch": "false",
                            "owner_id": "694101087909",
                            "tags.%": "1",
                            "tags.Name": "Velocloud Private Subnet 1",
                            "vpc_id": "vpc-0e9c677726ee32e18"
                        },
                        "meta": {
                            "e2bfb730-ecaa-11e6-8f88-34363bc7c4c0": {
                                "create": 600000000000,
                                "delete": 600000000000
                            },
                            "schema_version": "1"
                        },
                        "tainted": false
                    },
                    "deposed": [],
                    "provider": "provider.aws"
                },
                "aws_subnet.priv2_subnet": {
                    "type": "aws_subnet",
                    "depends_on": [
                        "aws_vpc.vpc"
                    ],
                    "primary": {
                        "id": "subnet-0923d47b3dd920fc6",
                        "attributes": {
                            "arn": "arn:aws:ec2:us-east-1:694101087909:subnet/subnet-0923d47b3dd920fc6",
                            "assign_ipv6_address_on_creation": "false",
                            "availability_zone": "us-east-1d",
                            "availability_zone_id": "use1-az4",
                            "cidr_block": "10.50.11.0/24",
                            "id": "subnet-0923d47b3dd920fc6",
                            "ipv6_cidr_block": "",
                            "ipv6_cidr_block_association_id": "",
                            "map_public_ip_on_launch": "false",
                            "owner_id": "694101087909",
                            "tags.%": "1",
                            "tags.Name": "Velocloud Private Subnet 2",
                            "vpc_id": "vpc-0e9c677726ee32e18"
                        },
                        "meta": {
                            "e2bfb730-ecaa-11e6-8f88-34363bc7c4c0": {
                                "create": 600000000000,
                                "delete": 600000000000
                            },
                            "schema_version": "1"
                        },
                        "tainted": false
                    },
                    "deposed": [],
                    "provider": "provider.aws"
                },
                "aws_subnet.public_subnet": {
                    "type": "aws_subnet",
                    "depends_on": [
                        "aws_vpc.vpc"
                    ],
                    "primary": {
                        "id": "subnet-0278e01cf08139a5f",
                        "attributes": {
                            "arn": "arn:aws:ec2:us-east-1:694101087909:subnet/subnet-0278e01cf08139a5f",
                            "assign_ipv6_address_on_creation": "false",
                            "availability_zone": "us-east-1d",
                            "availability_zone_id": "use1-az4",
                            "cidr_block": "10.50.0.0/24",
                            "id": "subnet-0278e01cf08139a5f",
                            "ipv6_cidr_block": "",
                            "ipv6_cidr_block_association_id": "",
                            "map_public_ip_on_launch": "false",
                            "owner_id": "694101087909",
                            "tags.%": "1",
                            "tags.Name": "Velocloud Public Subnet",
                            "vpc_id": "vpc-0e9c677726ee32e18"
                        },
                        "meta": {
                            "e2bfb730-ecaa-11e6-8f88-34363bc7c4c0": {
                                "create": 600000000000,
                                "delete": 600000000000
                            },
                            "schema_version": "1"
                        },
                        "tainted": false
                    },
                    "deposed": [],
                    "provider": "provider.aws"
                },
                "aws_vpc.vpc": {
                    "type": "aws_vpc",
                    "depends_on": [],
                    "primary": {
                        "id": "vpc-0e9c677726ee32e18",
                        "attributes": {
                            "arn": "arn:aws:ec2:us-east-1:694101087909:vpc/vpc-0e9c677726ee32e18",
                            "assign_generated_ipv6_cidr_block": "false",
                            "cidr_block": "10.50.0.0/16",
                            "default_network_acl_id": "acl-0291e359d0e834fa9",
                            "default_route_table_id": "rtb-09f2921a540131e8f",
                            "default_security_group_id": "sg-00f4c7fdb7708b334",
                            "dhcp_options_id": "dopt-fa8d8a9c",
                            "enable_classiclink": "false",
                            "enable_classiclink_dns_support": "false",
                            "enable_dns_hostnames": "false",
                            "enable_dns_support": "true",
                            "id": "vpc-0e9c677726ee32e18",
                            "instance_tenancy": "default",
                            "ipv6_association_id": "",
                            "ipv6_cidr_block": "",
                            "main_route_table_id": "rtb-09f2921a540131e8f",
                            "owner_id": "694101087909",
                            "tags.%": "1",
                            "tags.Name": "Velocloud VPC Playground"
                        },
                        "meta": {
                            "schema_version": "1"
                        },
                        "tainted": false
                    },
                    "deposed": [],
                    "provider": "provider.aws"
                },
                "data.aws_availability_zones.all": {
                    "type": "aws_availability_zones",
                    "depends_on": [],
                    "primary": {
                        "id": "2019-03-21 20:14:17.731304 +0000 UTC",
                        "attributes": {
                            "id": "2019-03-21 20:14:17.731304 +0000 UTC",
                            "names.#": "6",
                            "names.0": "us-east-1a",
                            "names.1": "us-east-1b",
                            "names.2": "us-east-1c",
                            "names.3": "us-east-1d",
                            "names.4": "us-east-1e",
                            "names.5": "us-east-1f",
                            "zone_ids.#": "6",
                            "zone_ids.0": "use1-az6",
                            "zone_ids.1": "use1-az1",
                            "zone_ids.2": "use1-az2",
                            "zone_ids.3": "use1-az4",
                            "zone_ids.4": "use1-az3",
                            "zone_ids.5": "use1-az5"
                        },
                        "meta": {},
                        "tainted": false
                    },
                    "deposed": [],
                    "provider": "provider.aws"
                },
                "data.template_file.cloud-config": {
                    "type": "template_file",
                    "depends_on": [],
                    "primary": {
                        "id": "56e16cb2080e8968d8d78aeafdf2d26c95ad274a818db8becfae5b27a88c04b1",
                        "attributes": {
                            "id": "56e16cb2080e8968d8d78aeafdf2d26c95ad274a818db8becfae5b27a88c04b1",
                            "rendered": "#cloud-config\nvelocloud:\n  vce:\n    vco: \"vco160-usca1.velocloud.net\"\n    activation_code: \"JE87-MYZL-VH6Y-CWWR\"\n    vco_ignore_cert_errors: false\n",
                            "template": "#cloud-config\nvelocloud:\n  vce:\n    vco: \"vco160-usca1.velocloud.net\"\n    activation_code: \"JE87-MYZL-VH6Y-CWWR\"\n    vco_ignore_cert_errors: false\n"
                        },
                        "meta": {},
                        "tainted": false
                    },
                    "deposed": [],
                    "provider": "provider.template"
                }
            },
            "depends_on": []
        }
    ]
}
