{
    "version": 3,
    "terraform_version": "0.11.13",
    "serial": 91,
    "lineage": "c6d293ab-3e7c-77d6-2cc6-7e01e180a92b",
    "modules": [
        {
            "path": [
                "root"
            ],
            "outputs": {
                "transport-eip": {
                    "sensitive": false,
                    "type": "string",
                    "value": "34.192.173.126"
                },
                "userdata": {
                    "sensitive": false,
                    "type": "string",
                    "value": "#cloud-config\nvelocloud:\n  vce:\n    vco: \"vco160-usca1.velocloud.net\"\n    activation_code: \"1234\"\n    vco_ignore_cert_errors: false"
                },
                "vpc_id": {
                    "sensitive": false,
                    "type": "string",
                    "value": "vpc-0859bff820dd8bfa5"
                }
            },
            "resources": {
                "aws_default_route_table.r": {
                    "type": "aws_default_route_table",
                    "depends_on": [
                        "aws_internet_gateway.gw",
                        "aws_vpc.vpc"
                    ],
                    "primary": {
                        "id": "rtb-04d0d938be849f515",
                        "attributes": {
                            "default_route_table_id": "rtb-04d0d938be849f515",
                            "id": "rtb-04d0d938be849f515",
                            "owner_id": "694101087909",
                            "propagating_vgws.#": "0",
                            "route.#": "1",
                            "route.2153626856.cidr_block": "0.0.0.0/0",
                            "route.2153626856.egress_only_gateway_id": "",
                            "route.2153626856.gateway_id": "igw-05550070fb911d00a",
                            "route.2153626856.instance_id": "",
                            "route.2153626856.ipv6_cidr_block": "",
                            "route.2153626856.nat_gateway_id": "",
                            "route.2153626856.network_interface_id": "",
                            "route.2153626856.transit_gateway_id": "",
                            "route.2153626856.vpc_peering_connection_id": "",
                            "tags.%": "1",
                            "tags.Name": "Velocloud Public Table",
                            "vpc_id": "vpc-0859bff820dd8bfa5"
                        },
                        "meta": {},
                        "tainted": false
                    },
                    "deposed": [],
                    "provider": "provider.aws"
                },
                "aws_eip.jumpbox_eip": {
                    "type": "aws_eip",
                    "depends_on": [
                        "aws_network_interface.jumpbox_public"
                    ],
                    "primary": {
                        "id": "eipalloc-02932662c62918501",
                        "attributes": {
                            "association_id": "eipassoc-0655f9641c20a3fa3",
                            "domain": "vpc",
                            "id": "eipalloc-02932662c62918501",
                            "instance": "i-076150cfc4fb817eb",
                            "network_interface": "eni-0abaeabe164b9b4c0",
                            "private_dns": "ip-10-75-0-6.ec2.internal",
                            "private_ip": "10.75.0.6",
                            "public_dns": "ec2-3-81-204-212.compute-1.amazonaws.com",
                            "public_ip": "3.81.204.212",
                            "public_ipv4_pool": "amazon",
                            "tags.%": "0",
                            "vpc": "true"
                        },
                        "meta": {
                            "e2bfb730-ecaa-11e6-8f88-34363bc7c4c0": {
                                "delete": 180000000000,
                                "read": 900000000000,
                                "update": 300000000000
                            }
                        },
                        "tainted": true
                    },
                    "deposed": [],
                    "provider": "provider.aws"
                },
                "aws_eip.transport": {
                    "type": "aws_eip",
                    "depends_on": [
                        "aws_network_interface.transport"
                    ],
                    "primary": {
                        "id": "eipalloc-07fa124e8b0b2377b",
                        "attributes": {
                            "association_id": "eipassoc-0d3e95cc36376d435",
                            "domain": "vpc",
                            "id": "eipalloc-07fa124e8b0b2377b",
                            "instance": "i-04a8c15f1ddcb587b",
                            "network_interface": "eni-096cca91b22b506ba",
                            "private_dns": "ip-10-75-0-250.ec2.internal",
                            "private_ip": "10.75.0.250",
                            "public_dns": "ec2-34-192-173-126.compute-1.amazonaws.com",
                            "public_ip": "34.192.173.126",
                            "public_ipv4_pool": "amazon",
                            "tags.%": "0",
                            "vpc": "true"
                        },
                        "meta": {
                            "e2bfb730-ecaa-11e6-8f88-34363bc7c4c0": {
                                "delete": 180000000000,
                                "read": 900000000000,
                                "update": 300000000000
                            }
                        },
                        "tainted": false
                    },
                    "deposed": [],
                    "provider": "provider.aws"
                },
                "aws_instance.jumpbox": {
                    "type": "aws_instance",
                    "depends_on": [
                        "aws_security_group.allow_velocloud",
                        "aws_subnet.private_subnet"
                    ],
                    "primary": {
                        "id": "i-076150cfc4fb817eb",
                        "attributes": {
                            "ami": "ami-02da3a138888ced85",
                            "arn": "arn:aws:ec2:us-east-1:694101087909:instance/i-076150cfc4fb817eb",
                            "associate_public_ip_address": "false",
                            "availability_zone": "us-east-1d",
                            "cpu_core_count": "1",
                            "cpu_threads_per_core": "1",
                            "credit_specification.#": "1",
                            "credit_specification.0.cpu_credits": "standard",
                            "disable_api_termination": "false",
                            "ebs_block_device.#": "0",
                            "ebs_optimized": "false",
                            "ephemeral_block_device.#": "0",
                            "get_password_data": "false",
                            "iam_instance_profile": "",
                            "id": "i-076150cfc4fb817eb",
                            "instance_state": "running",
                            "instance_type": "t1.micro",
                            "ipv6_addresses.#": "0",
                            "key_name": "Craig",
                            "monitoring": "false",
                            "network_interface.#": "0",
                            "password_data": "",
                            "placement_group": "",
                            "primary_network_interface_id": "eni-0b59bfd171d8218c3",
                            "private_dns": "ip-10-75-1-74.ec2.internal",
                            "private_ip": "10.75.1.74",
                            "public_dns": "",
                            "public_ip": "",
                            "root_block_device.#": "1",
                            "root_block_device.0.delete_on_termination": "true",
                            "root_block_device.0.iops": "100",
                            "root_block_device.0.volume_id": "vol-09bc0b38b0012fb53",
                            "root_block_device.0.volume_size": "8",
                            "root_block_device.0.volume_type": "gp2",
                            "security_groups.#": "0",
                            "source_dest_check": "true",
                            "subnet_id": "subnet-0f8c78666235c489d",
                            "tags.%": "1",
                            "tags.Name": "Velocloud Jumpbox",
                            "tenancy": "default",
                            "volume_tags.%": "0",
                            "vpc_security_group_ids.#": "1",
                            "vpc_security_group_ids.1007425092": "sg-0f77c7342e5131684"
                        },
                        "meta": {
                            "e2bfb730-ecaa-11e6-8f88-34363bc7c4c0": {
                                "create": 600000000000,
                                "delete": 1200000000000,
                                "update": 600000000000
                            },
                            "schema_version": "1"
                        },
                        "tainted": false
                    },
                    "deposed": [],
                    "provider": "provider.aws"
                },
                "aws_instance.velocloud-edge": {
                    "type": "aws_instance",
                    "depends_on": [
                        "aws_security_group.allow_velocloud",
                        "aws_subnet.private_subnet"
                    ],
                    "primary": {
                        "id": "i-04a8c15f1ddcb587b",
                        "attributes": {
                            "ami": "ami-da7a56cc",
                            "arn": "arn:aws:ec2:us-east-1:694101087909:instance/i-04a8c15f1ddcb587b",
                            "associate_public_ip_address": "false",
                            "availability_zone": "us-east-1d",
                            "cpu_core_count": "2",
                            "cpu_threads_per_core": "2",
                            "credit_specification.#": "1",
                            "credit_specification.0.cpu_credits": "standard",
                            "disable_api_termination": "false",
                            "ebs_block_device.#": "0",
                            "ebs_optimized": "false",
                            "ephemeral_block_device.#": "0",
                            "get_password_data": "false",
                            "iam_instance_profile": "",
                            "id": "i-04a8c15f1ddcb587b",
                            "instance_state": "running",
                            "instance_type": "m4.xlarge",
                            "ipv6_addresses.#": "0",
                            "key_name": "Craig",
                            "monitoring": "false",
                            "network_interface.#": "0",
                            "password_data": "",
                            "placement_group": "",
                            "primary_network_interface_id": "eni-0db707b15faf0f18c",
                            "private_dns": "ip-10-75-1-253.ec2.internal",
                            "private_ip": "10.75.1.253",
                            "public_dns": "",
                            "public_ip": "",
                            "root_block_device.#": "1",
                            "root_block_device.0.delete_on_termination": "true",
                            "root_block_device.0.iops": "0",
                            "root_block_device.0.volume_id": "vol-0f0645180b75e8f4b",
                            "root_block_device.0.volume_size": "8",
                            "root_block_device.0.volume_type": "standard",
                            "security_groups.#": "0",
                            "source_dest_check": "false",
                            "subnet_id": "subnet-0f8c78666235c489d",
                            "tags.%": "1",
                            "tags.Name": "Velocloud Edge",
                            "tenancy": "default",
                            "user_data": "e591666660e46d2fd85dc355b84abcbb7100fe92",
                            "volume_tags.%": "0",
                            "vpc_security_group_ids.#": "1",
                            "vpc_security_group_ids.1007425092": "sg-0f77c7342e5131684"
                        },
                        "meta": {
                            "e2bfb730-ecaa-11e6-8f88-34363bc7c4c0": {
                                "create": 600000000000,
                                "delete": 1200000000000,
                                "update": 600000000000
                            },
                            "schema_version": "1"
                        },
                        "tainted": false
                    },
                    "deposed": [],
                    "provider": "provider.aws"
                },
                "aws_internet_gateway.gw": {
                    "type": "aws_internet_gateway",
                    "depends_on": [
                        "aws_vpc.vpc"
                    ],
                    "primary": {
                        "id": "igw-05550070fb911d00a",
                        "attributes": {
                            "id": "igw-05550070fb911d00a",
                            "owner_id": "694101087909",
                            "tags.%": "1",
                            "tags.Name": "Internet gateway",
                            "vpc_id": "vpc-0859bff820dd8bfa5"
                        },
                        "meta": {},
                        "tainted": false
                    },
                    "deposed": [],
                    "provider": "provider.aws"
                },
                "aws_network_interface.jumpbox_public": {
                    "type": "aws_network_interface",
                    "depends_on": [
                        "aws_instance.jumpbox",
                        "aws_security_group.allow_velocloud",
                        "aws_subnet.public_subnet"
                    ],
                    "primary": {
                        "id": "eni-0abaeabe164b9b4c0",
                        "attributes": {
                            "attachment.#": "1",
                            "attachment.2138290529.attachment_id": "eni-attach-0b0dc4cc2ffe19636",
                            "attachment.2138290529.device_index": "1",
                            "attachment.2138290529.instance": "i-076150cfc4fb817eb",
                            "description": "",
                            "id": "eni-0abaeabe164b9b4c0",
                            "private_dns_name": "",
                            "private_ip": "10.75.0.6",
                            "private_ips.#": "1",
                            "private_ips.361328712": "10.75.0.6",
                            "security_groups.#": "1",
                            "security_groups.1007425092": "sg-0f77c7342e5131684",
                            "source_dest_check": "false",
                            "subnet_id": "subnet-027adfdaf3fe975b0",
                            "tags.%": "0"
                        },
                        "meta": {},
                        "tainted": false
                    },
                    "deposed": [],
                    "provider": "provider.aws"
                },
                "aws_network_interface.transport": {
                    "type": "aws_network_interface",
                    "depends_on": [
                        "aws_instance.velocloud-edge",
                        "aws_security_group.allow_velocloud",
                        "aws_subnet.public_subnet"
                    ],
                    "primary": {
                        "id": "eni-096cca91b22b506ba",
                        "attributes": {
                            "attachment.#": "1",
                            "attachment.221601760.attachment_id": "eni-attach-0a0466d6cca470a71",
                            "attachment.221601760.device_index": "1",
                            "attachment.221601760.instance": "i-04a8c15f1ddcb587b",
                            "description": "",
                            "id": "eni-096cca91b22b506ba",
                            "private_dns_name": "",
                            "private_ip": "10.75.0.250",
                            "private_ips.#": "1",
                            "private_ips.2862475649": "10.75.0.250",
                            "security_groups.#": "1",
                            "security_groups.1007425092": "sg-0f77c7342e5131684",
                            "source_dest_check": "false",
                            "subnet_id": "subnet-027adfdaf3fe975b0",
                            "tags.%": "1",
                            "tags.Name": "VCE Transport Interface (GE2 / eth1)"
                        },
                        "meta": {},
                        "tainted": false
                    },
                    "deposed": [],
                    "provider": "provider.aws"
                },
                "aws_network_interface.vce_lan": {
                    "type": "aws_network_interface",
                    "depends_on": [
                        "aws_instance.velocloud-edge",
                        "aws_security_group.allow_velocloud",
                        "aws_subnet.private_subnet"
                    ],
                    "primary": {
                        "id": "eni-0c569e4f53cc9489e",
                        "attributes": {
                            "attachment.#": "1",
                            "attachment.639110179.attachment_id": "eni-attach-0fbde297544573e8e",
                            "attachment.639110179.device_index": "2",
                            "attachment.639110179.instance": "i-04a8c15f1ddcb587b",
                            "description": "",
                            "id": "eni-0c569e4f53cc9489e",
                            "private_dns_name": "",
                            "private_ip": "10.75.1.120",
                            "private_ips.#": "1",
                            "private_ips.3673876655": "10.75.1.120",
                            "security_groups.#": "1",
                            "security_groups.1007425092": "sg-0f77c7342e5131684",
                            "source_dest_check": "false",
                            "subnet_id": "subnet-0f8c78666235c489d",
                            "tags.%": "1",
                            "tags.Name": "VCE LAN Interface (GE3 / eth2)"
                        },
                        "meta": {},
                        "tainted": false
                    },
                    "deposed": [],
                    "provider": "provider.aws"
                },
                "aws_route_table.p": {
                    "type": "aws_route_table",
                    "depends_on": [
                        "aws_vpc.vpc"
                    ],
                    "primary": {
                        "id": "rtb-0ce83bac74c0508da",
                        "attributes": {
                            "id": "rtb-0ce83bac74c0508da",
                            "owner_id": "694101087909",
                            "propagating_vgws.#": "0",
                            "route.#": "0",
                            "tags.%": "1",
                            "tags.Name": "Velocloud Private Routing Table",
                            "vpc_id": "vpc-0859bff820dd8bfa5"
                        },
                        "meta": {},
                        "tainted": false
                    },
                    "deposed": [],
                    "provider": "provider.aws"
                },
                "aws_route_table_association.a": {
                    "type": "aws_route_table_association",
                    "depends_on": [
                        "aws_default_route_table.r",
                        "aws_subnet.public_subnet"
                    ],
                    "primary": {
                        "id": "rtbassoc-0bbf4a89d172b78d3",
                        "attributes": {
                            "id": "rtbassoc-0bbf4a89d172b78d3",
                            "route_table_id": "rtb-04d0d938be849f515",
                            "subnet_id": "subnet-027adfdaf3fe975b0"
                        },
                        "meta": {},
                        "tainted": false
                    },
                    "deposed": [],
                    "provider": "provider.aws"
                },
                "aws_route_table_association.a2": {
                    "type": "aws_route_table_association",
                    "depends_on": [
                        "aws_route_table.p",
                        "aws_subnet.private_subnet"
                    ],
                    "primary": {
                        "id": "rtbassoc-076be203939cd50b3",
                        "attributes": {
                            "id": "rtbassoc-076be203939cd50b3",
                            "route_table_id": "rtb-0ce83bac74c0508da",
                            "subnet_id": "subnet-0f8c78666235c489d"
                        },
                        "meta": {},
                        "tainted": false
                    },
                    "deposed": [],
                    "provider": "provider.aws"
                },
                "aws_security_group.allow_velocloud": {
                    "type": "aws_security_group",
                    "depends_on": [
                        "aws_vpc.vpc"
                    ],
                    "primary": {
                        "id": "sg-0f77c7342e5131684",
                        "attributes": {
                            "arn": "arn:aws:ec2:us-east-1:694101087909:security-group/sg-0f77c7342e5131684",
                            "description": "Allow ",
                            "egress.#": "1",
                            "egress.482069346.cidr_blocks.#": "1",
                            "egress.482069346.cidr_blocks.0": "0.0.0.0/0",
                            "egress.482069346.description": "",
                            "egress.482069346.from_port": "0",
                            "egress.482069346.ipv6_cidr_blocks.#": "0",
                            "egress.482069346.prefix_list_ids.#": "0",
                            "egress.482069346.protocol": "-1",
                            "egress.482069346.security_groups.#": "0",
                            "egress.482069346.self": "false",
                            "egress.482069346.to_port": "0",
                            "id": "sg-0f77c7342e5131684",
                            "ingress.#": "3",
                            "ingress.2541437006.cidr_blocks.#": "1",
                            "ingress.2541437006.cidr_blocks.0": "0.0.0.0/0",
                            "ingress.2541437006.description": "",
                            "ingress.2541437006.from_port": "22",
                            "ingress.2541437006.ipv6_cidr_blocks.#": "0",
                            "ingress.2541437006.prefix_list_ids.#": "0",
                            "ingress.2541437006.protocol": "tcp",
                            "ingress.2541437006.security_groups.#": "0",
                            "ingress.2541437006.self": "false",
                            "ingress.2541437006.to_port": "22",
                            "ingress.3068409405.cidr_blocks.#": "1",
                            "ingress.3068409405.cidr_blocks.0": "0.0.0.0/0",
                            "ingress.3068409405.description": "",
                            "ingress.3068409405.from_port": "8",
                            "ingress.3068409405.ipv6_cidr_blocks.#": "0",
                            "ingress.3068409405.prefix_list_ids.#": "0",
                            "ingress.3068409405.protocol": "icmp",
                            "ingress.3068409405.security_groups.#": "0",
                            "ingress.3068409405.self": "false",
                            "ingress.3068409405.to_port": "0",
                            "ingress.4046791028.cidr_blocks.#": "1",
                            "ingress.4046791028.cidr_blocks.0": "0.0.0.0/0",
                            "ingress.4046791028.description": "",
                            "ingress.4046791028.from_port": "2426",
                            "ingress.4046791028.ipv6_cidr_blocks.#": "0",
                            "ingress.4046791028.prefix_list_ids.#": "0",
                            "ingress.4046791028.protocol": "tcp",
                            "ingress.4046791028.security_groups.#": "0",
                            "ingress.4046791028.self": "false",
                            "ingress.4046791028.to_port": "2426",
                            "name": "allow_velocloud",
                            "owner_id": "694101087909",
                            "revoke_rules_on_delete": "false",
                            "tags.%": "1",
                            "tags.Name": "allow_all",
                            "vpc_id": "vpc-0859bff820dd8bfa5"
                        },
                        "meta": {
                            "e2bfb730-ecaa-11e6-8f88-34363bc7c4c0": {
                                "create": 600000000000,
                                "delete": 600000000000
                            },
                            "schema_version": "1"
                        },
                        "tainted": false
                    },
                    "deposed": [],
                    "provider": "provider.aws"
                },
                "aws_subnet.private_subnet": {
                    "type": "aws_subnet",
                    "depends_on": [
                        "aws_vpc.vpc"
                    ],
                    "primary": {
                        "id": "subnet-0f8c78666235c489d",
                        "attributes": {
                            "arn": "arn:aws:ec2:us-east-1:694101087909:subnet/subnet-0f8c78666235c489d",
                            "assign_ipv6_address_on_creation": "false",
                            "availability_zone": "us-east-1d",
                            "availability_zone_id": "use1-az4",
                            "cidr_block": "10.75.1.0/24",
                            "id": "subnet-0f8c78666235c489d",
                            "ipv6_cidr_block": "",
                            "ipv6_cidr_block_association_id": "",
                            "map_public_ip_on_launch": "false",
                            "owner_id": "694101087909",
                            "tags.%": "1",
                            "tags.Name": "VCE Private Subnet",
                            "vpc_id": "vpc-0859bff820dd8bfa5"
                        },
                        "meta": {
                            "e2bfb730-ecaa-11e6-8f88-34363bc7c4c0": {
                                "create": 600000000000,
                                "delete": 600000000000
                            },
                            "schema_version": "1"
                        },
                        "tainted": false
                    },
                    "deposed": [],
                    "provider": "provider.aws"
                },
                "aws_subnet.public_subnet": {
                    "type": "aws_subnet",
                    "depends_on": [
                        "aws_vpc.vpc"
                    ],
                    "primary": {
                        "id": "subnet-027adfdaf3fe975b0",
                        "attributes": {
                            "arn": "arn:aws:ec2:us-east-1:694101087909:subnet/subnet-027adfdaf3fe975b0",
                            "assign_ipv6_address_on_creation": "false",
                            "availability_zone": "us-east-1d",
                            "availability_zone_id": "use1-az4",
                            "cidr_block": "10.75.0.0/24",
                            "id": "subnet-027adfdaf3fe975b0",
                            "ipv6_cidr_block": "",
                            "ipv6_cidr_block_association_id": "",
                            "map_public_ip_on_launch": "false",
                            "owner_id": "694101087909",
                            "tags.%": "1",
                            "tags.Name": "VCE Public Subnet",
                            "vpc_id": "vpc-0859bff820dd8bfa5"
                        },
                        "meta": {
                            "e2bfb730-ecaa-11e6-8f88-34363bc7c4c0": {
                                "create": 600000000000,
                                "delete": 600000000000
                            },
                            "schema_version": "1"
                        },
                        "tainted": false
                    },
                    "deposed": [],
                    "provider": "provider.aws"
                },
                "aws_vpc.vpc": {
                    "type": "aws_vpc",
                    "depends_on": [],
                    "primary": {
                        "id": "vpc-0859bff820dd8bfa5",
                        "attributes": {
                            "arn": "arn:aws:ec2:us-east-1:694101087909:vpc/vpc-0859bff820dd8bfa5",
                            "assign_generated_ipv6_cidr_block": "false",
                            "cidr_block": "10.75.0.0/23",
                            "default_network_acl_id": "acl-06ebf74dd28f7c6d1",
                            "default_route_table_id": "rtb-04d0d938be849f515",
                            "default_security_group_id": "sg-0e417b3f084933a09",
                            "dhcp_options_id": "dopt-fa8d8a9c",
                            "enable_classiclink": "false",
                            "enable_classiclink_dns_support": "false",
                            "enable_dns_hostnames": "false",
                            "enable_dns_support": "true",
                            "id": "vpc-0859bff820dd8bfa5",
                            "instance_tenancy": "default",
                            "ipv6_association_id": "",
                            "ipv6_cidr_block": "",
                            "main_route_table_id": "rtb-04d0d938be849f515",
                            "owner_id": "694101087909",
                            "tags.%": "1",
                            "tags.Name": "Velocloud"
                        },
                        "meta": {
                            "schema_version": "1"
                        },
                        "tainted": false
                    },
                    "deposed": [],
                    "provider": "provider.aws"
                },
                "data.aws_availability_zones.all": {
                    "type": "aws_availability_zones",
                    "depends_on": [],
                    "primary": {
                        "id": "2019-03-20 19:20:50.753135 +0000 UTC",
                        "attributes": {
                            "id": "2019-03-20 19:20:50.753135 +0000 UTC",
                            "names.#": "6",
                            "names.0": "us-east-1a",
                            "names.1": "us-east-1b",
                            "names.2": "us-east-1c",
                            "names.3": "us-east-1d",
                            "names.4": "us-east-1e",
                            "names.5": "us-east-1f",
                            "zone_ids.#": "6",
                            "zone_ids.0": "use1-az6",
                            "zone_ids.1": "use1-az1",
                            "zone_ids.2": "use1-az2",
                            "zone_ids.3": "use1-az4",
                            "zone_ids.4": "use1-az3",
                            "zone_ids.5": "use1-az5"
                        },
                        "meta": {},
                        "tainted": false
                    },
                    "deposed": [],
                    "provider": "provider.aws"
                },
                "data.template_cloudinit_config.cloudinit": {
                    "type": "template_cloudinit_config",
                    "depends_on": [
                        "data.template_file.cloud-config"
                    ],
                    "primary": {
                        "id": "3768854999",
                        "attributes": {
                            "base64_encode": "false",
                            "gzip": "false",
                            "id": "3768854999",
                            "part.#": "1",
                            "part.0.content": "#cloud-config\nvelocloud:\n  vce:\n    vco: \"vco160-usca1.velocloud.net\"\n    activation_code: \"1234\"\n    vco_ignore_cert_errors: false",
                            "part.0.content_type": "text/cloud-config",
                            "part.0.filename": "init.cfg",
                            "part.0.merge_type": "",
                            "rendered": "Content-Type: multipart/mixed; boundary=\"MIMEBOUNDARY\"\nMIME-Version: 1.0\r\n\r\n--MIMEBOUNDARY\r\nContent-Disposition: attachment; filename=\"init.cfg\"\r\nContent-Transfer-Encoding: 7bit\r\nContent-Type: text/cloud-config\r\nMime-Version: 1.0\r\n\r\n#cloud-config\nvelocloud:\n  vce:\n    vco: \"vco160-usca1.velocloud.net\"\n    activation_code: \"1234\"\n    vco_ignore_cert_errors: false\r\n--MIMEBOUNDARY--\r\n"
                        },
                        "meta": {},
                        "tainted": false
                    },
                    "deposed": [],
                    "provider": "provider.template"
                },
                "data.template_file.cloud-config": {
                    "type": "template_file",
                    "depends_on": [],
                    "primary": {
                        "id": "b1e3c142eae300f371e78d12cc5c516c486e59a151670bbf04fb26c786e8221f",
                        "attributes": {
                            "id": "b1e3c142eae300f371e78d12cc5c516c486e59a151670bbf04fb26c786e8221f",
                            "rendered": "#cloud-config\nvelocloud:\n  vce:\n    vco: \"vco160-usca1.velocloud.net\"\n    activation_code: \"1234\"\n    vco_ignore_cert_errors: false",
                            "template": "#cloud-config\nvelocloud:\n  vce:\n    vco: \"vco160-usca1.velocloud.net\"\n    activation_code: \"1234\"\n    vco_ignore_cert_errors: false"
                        },
                        "meta": {},
                        "tainted": false
                    },
                    "deposed": [],
                    "provider": "provider.template"
                }
            },
            "depends_on": []
        }
    ]
}
