{
    "version": 3,
    "terraform_version": "0.11.13",
    "serial": 89,
    "lineage": "c6d293ab-3e7c-77d6-2cc6-7e01e180a92b",
    "modules": [
        {
            "path": [
                "root"
            ],
            "outputs": {
                "jumpbox_eip": {
                    "sensitive": false,
                    "type": "string",
                    "value": "18.215.136.57"
                },
                "transport-eip": {
                    "sensitive": false,
                    "type": "string",
                    "value": "3.208.216.134"
                },
                "vpc_id": {
                    "sensitive": false,
                    "type": "string",
                    "value": "vpc-0904f80de3e939bc1"
                }
            },
            "resources": {
                "aws_default_route_table.r": {
                    "type": "aws_default_route_table",
                    "depends_on": [
                        "aws_internet_gateway.gw",
                        "aws_vpc.vpc"
                    ],
                    "primary": {
                        "id": "rtb-0d0238375652781f1",
                        "attributes": {
                            "default_route_table_id": "rtb-0d0238375652781f1",
                            "id": "rtb-0d0238375652781f1",
                            "owner_id": "694101087909",
                            "propagating_vgws.#": "0",
                            "route.#": "1",
                            "route.823312653.cidr_block": "0.0.0.0/0",
                            "route.823312653.egress_only_gateway_id": "",
                            "route.823312653.gateway_id": "igw-0963246161d5bfd52",
                            "route.823312653.instance_id": "",
                            "route.823312653.ipv6_cidr_block": "",
                            "route.823312653.nat_gateway_id": "",
                            "route.823312653.network_interface_id": "",
                            "route.823312653.transit_gateway_id": "",
                            "route.823312653.vpc_peering_connection_id": "",
                            "tags.%": "1",
                            "tags.Name": "Velocloud Public Table",
                            "vpc_id": "vpc-0904f80de3e939bc1"
                        },
                        "meta": {},
                        "tainted": false
                    },
                    "deposed": [],
                    "provider": "provider.aws"
                },
                "aws_eip.jumpbox_eip": {
                    "type": "aws_eip",
                    "depends_on": [
                        "aws_network_interface.jumpbox_public"
                    ],
                    "primary": {
                        "id": "eipalloc-0b2d4b264e748b175",
                        "attributes": {
                            "association_id": "eipassoc-00f5e5cee2469721e",
                            "domain": "vpc",
                            "id": "eipalloc-0b2d4b264e748b175",
                            "instance": "i-0b13d0412c7944245",
                            "network_interface": "eni-0432b698cb5240025",
                            "private_dns": "ip-10-75-0-190.ec2.internal",
                            "private_ip": "10.75.0.190",
                            "public_dns": "ec2-18-215-136-57.compute-1.amazonaws.com",
                            "public_ip": "18.215.136.57",
                            "public_ipv4_pool": "amazon",
                            "tags.%": "0",
                            "vpc": "true"
                        },
                        "meta": {
                            "e2bfb730-ecaa-11e6-8f88-34363bc7c4c0": {
                                "delete": 180000000000,
                                "read": 900000000000,
                                "update": 300000000000
                            }
                        },
                        "tainted": false
                    },
                    "deposed": [],
                    "provider": "provider.aws"
                },
                "aws_eip.transport": {
                    "type": "aws_eip",
                    "depends_on": [
                        "aws_network_interface.transport"
                    ],
                    "primary": {
                        "id": "eipalloc-052747ec42d6a9a5d",
                        "attributes": {
                            "association_id": "eipassoc-014371ceafacaca5e",
                            "domain": "vpc",
                            "id": "eipalloc-052747ec42d6a9a5d",
                            "instance": "i-02c9a64c2d349d874",
                            "network_interface": "eni-03296616920b05da8",
                            "private_dns": "ip-10-75-0-128.ec2.internal",
                            "private_ip": "10.75.0.128",
                            "public_dns": "ec2-3-208-216-134.compute-1.amazonaws.com",
                            "public_ip": "3.208.216.134",
                            "public_ipv4_pool": "amazon",
                            "tags.%": "0",
                            "vpc": "true"
                        },
                        "meta": {
                            "e2bfb730-ecaa-11e6-8f88-34363bc7c4c0": {
                                "delete": 180000000000,
                                "read": 900000000000,
                                "update": 300000000000
                            }
                        },
                        "tainted": false
                    },
                    "deposed": [],
                    "provider": "provider.aws"
                },
                "aws_instance.jumpbox": {
                    "type": "aws_instance",
                    "depends_on": [],
                    "primary": {
                        "id": "i-0b13d0412c7944245",
                        "attributes": {
                            "ami": "ami-02da3a138888ced85",
                            "arn": "arn:aws:ec2:us-east-1:694101087909:instance/i-0b13d0412c7944245",
                            "associate_public_ip_address": "false",
                            "availability_zone": "us-east-1d",
                            "cpu_core_count": "1",
                            "cpu_threads_per_core": "1",
                            "credit_specification.#": "1",
                            "credit_specification.0.cpu_credits": "standard",
                            "disable_api_termination": "false",
                            "ebs_block_device.#": "0",
                            "ebs_optimized": "false",
                            "ephemeral_block_device.#": "0",
                            "get_password_data": "false",
                            "iam_instance_profile": "",
                            "id": "i-0b13d0412c7944245",
                            "instance_state": "running",
                            "instance_type": "t1.micro",
                            "ipv6_addresses.#": "0",
                            "key_name": "Craig",
                            "monitoring": "false",
                            "network_interface.#": "0",
                            "password_data": "",
                            "placement_group": "",
                            "primary_network_interface_id": "eni-0d43e1429a4f1316b",
                            "private_dns": "ip-10-75-1-82.ec2.internal",
                            "private_ip": "10.75.1.82",
                            "public_dns": "",
                            "public_ip": "",
                            "root_block_device.#": "1",
                            "root_block_device.0.delete_on_termination": "true",
                            "root_block_device.0.iops": "100",
                            "root_block_device.0.volume_id": "vol-0b46456750b414518",
                            "root_block_device.0.volume_size": "8",
                            "root_block_device.0.volume_type": "gp2",
                            "security_groups.#": "0",
                            "source_dest_check": "true",
                            "subnet_id": "subnet-04cb484ef62c6a8fb",
                            "tags.%": "1",
                            "tags.Name": "Velocloud Jumpbox",
                            "tenancy": "default",
                            "volume_tags.%": "0",
                            "vpc_security_group_ids.#": "1",
                            "vpc_security_group_ids.3951920845": "sg-0bd728320cac23bbc"
                        },
                        "meta": {
                            "e2bfb730-ecaa-11e6-8f88-34363bc7c4c0": {
                                "create": 600000000000,
                                "delete": 1200000000000,
                                "update": 600000000000
                            },
                            "schema_version": "1"
                        },
                        "tainted": false
                    },
                    "deposed": [],
                    "provider": "provider.aws"
                },
                "aws_instance.velocloud-edge": {
                    "type": "aws_instance",
                    "depends_on": [],
                    "primary": {
                        "id": "i-07c3584a4e6f19968",
                        "attributes": {
                            "ami": "ami-da7a56cc",
                            "arn": "arn:aws:ec2:us-east-1:694101087909:instance/i-07c3584a4e6f19968",
                            "associate_public_ip_address": "false",
                            "availability_zone": "us-east-1d",
                            "cpu_core_count": "2",
                            "cpu_threads_per_core": "2",
                            "credit_specification.#": "1",
                            "credit_specification.0.cpu_credits": "standard",
                            "disable_api_termination": "false",
                            "ebs_block_device.#": "0",
                            "ebs_optimized": "false",
                            "ephemeral_block_device.#": "0",
                            "get_password_data": "false",
                            "iam_instance_profile": "",
                            "id": "i-07c3584a4e6f19968",
                            "instance_state": "running",
                            "instance_type": "m4.xlarge",
                            "ipv6_addresses.#": "0",
                            "key_name": "Craig",
                            "monitoring": "false",
                            "network_interface.#": "0",
                            "password_data": "",
                            "placement_group": "",
                            "primary_network_interface_id": "eni-0acf74fb7896711c7",
                            "private_dns": "ip-10-75-1-19.ec2.internal",
                            "private_ip": "10.75.1.19",
                            "public_dns": "",
                            "public_ip": "",
                            "root_block_device.#": "1",
                            "root_block_device.0.delete_on_termination": "true",
                            "root_block_device.0.iops": "0",
                            "root_block_device.0.volume_id": "vol-02e1d5ede02763d01",
                            "root_block_device.0.volume_size": "8",
                            "root_block_device.0.volume_type": "standard",
                            "security_groups.#": "0",
                            "source_dest_check": "false",
                            "subnet_id": "subnet-04cb484ef62c6a8fb",
                            "tags.%": "1",
                            "tags.Name": "Velocloud Edge",
                            "tenancy": "default",
                            "user_data": "d21a40bde652e486845f01d9b8bd10546f340caf",
                            "volume_tags.%": "0",
                            "vpc_security_group_ids.#": "1",
                            "vpc_security_group_ids.3951920845": "sg-0bd728320cac23bbc"
                        },
                        "meta": {
                            "e2bfb730-ecaa-11e6-8f88-34363bc7c4c0": {
                                "create": 600000000000,
                                "delete": 1200000000000,
                                "update": 600000000000
                            },
                            "schema_version": "1"
                        },
                        "tainted": false
                    },
                    "deposed": [],
                    "provider": "provider.aws"
                },
                "aws_internet_gateway.gw": {
                    "type": "aws_internet_gateway",
                    "depends_on": [
                        "aws_vpc.vpc"
                    ],
                    "primary": {
                        "id": "igw-0963246161d5bfd52",
                        "attributes": {
                            "id": "igw-0963246161d5bfd52",
                            "owner_id": "694101087909",
                            "tags.%": "1",
                            "tags.Name": "Internet gateway",
                            "vpc_id": "vpc-0904f80de3e939bc1"
                        },
                        "meta": {},
                        "tainted": false
                    },
                    "deposed": [],
                    "provider": "provider.aws"
                },
                "aws_network_interface.jumpbox_public": {
                    "type": "aws_network_interface",
                    "depends_on": [
                        "aws_instance.jumpbox",
                        "aws_security_group.allow_velocloud",
                        "aws_subnet.public_subnet"
                    ],
                    "primary": {
                        "id": "eni-0432b698cb5240025",
                        "attributes": {
                            "attachment.#": "1",
                            "attachment.752281337.attachment_id": "eni-attach-03de27db0458119ff",
                            "attachment.752281337.device_index": "1",
                            "attachment.752281337.instance": "i-0b13d0412c7944245",
                            "description": "",
                            "id": "eni-0432b698cb5240025",
                            "private_dns_name": "",
                            "private_ip": "10.75.0.190",
                            "private_ips.#": "1",
                            "private_ips.74324180": "10.75.0.190",
                            "security_groups.#": "1",
                            "security_groups.3951920845": "sg-0bd728320cac23bbc",
                            "source_dest_check": "false",
                            "subnet_id": "subnet-0c88e60cd0b714baf",
                            "tags.%": "0"
                        },
                        "meta": {},
                        "tainted": false
                    },
                    "deposed": [],
                    "provider": "provider.aws"
                },
                "aws_network_interface.transport": {
                    "type": "aws_network_interface",
                    "depends_on": [
                        "aws_instance.velocloud-edge",
                        "aws_security_group.allow_velocloud",
                        "aws_subnet.public_subnet"
                    ],
                    "primary": {
                        "id": "eni-03296616920b05da8",
                        "attributes": {
                            "attachment.#": "1",
                            "attachment.4079339385.attachment_id": "eni-attach-0517161bdf8e631b5",
                            "attachment.4079339385.device_index": "1",
                            "attachment.4079339385.instance": "i-07c3584a4e6f19968",
                            "description": "",
                            "id": "eni-03296616920b05da8",
                            "private_dns_name": "",
                            "private_ip": "10.75.0.128",
                            "private_ips.#": "1",
                            "private_ips.3913369901": "10.75.0.128",
                            "security_groups.#": "1",
                            "security_groups.3951920845": "sg-0bd728320cac23bbc",
                            "source_dest_check": "false",
                            "subnet_id": "subnet-0c88e60cd0b714baf",
                            "tags.%": "1",
                            "tags.Name": "VCE Transport Interface (GE2 / eth1)"
                        },
                        "meta": {},
                        "tainted": false
                    },
                    "deposed": [],
                    "provider": "provider.aws"
                },
                "aws_network_interface.vce_lan": {
                    "type": "aws_network_interface",
                    "depends_on": [
                        "aws_instance.velocloud-edge",
                        "aws_security_group.allow_velocloud",
                        "aws_subnet.private_subnet"
                    ],
                    "primary": {
                        "id": "eni-0f38df96debfc1ced",
                        "attributes": {
                            "attachment.#": "1",
                            "attachment.3624441018.attachment_id": "eni-attach-010397826f69fe51f",
                            "attachment.3624441018.device_index": "2",
                            "attachment.3624441018.instance": "i-07c3584a4e6f19968",
                            "description": "",
                            "id": "eni-0f38df96debfc1ced",
                            "private_dns_name": "",
                            "private_ip": "10.75.1.25",
                            "private_ips.#": "1",
                            "private_ips.544459037": "10.75.1.25",
                            "security_groups.#": "1",
                            "security_groups.3951920845": "sg-0bd728320cac23bbc",
                            "source_dest_check": "false",
                            "subnet_id": "subnet-04cb484ef62c6a8fb",
                            "tags.%": "1",
                            "tags.Name": "VCE LAN Interface (GE3 / eth2)"
                        },
                        "meta": {},
                        "tainted": false
                    },
                    "deposed": [],
                    "provider": "provider.aws"
                },
                "aws_route_table.p": {
                    "type": "aws_route_table",
                    "depends_on": [
                        "aws_vpc.vpc"
                    ],
                    "primary": {
                        "id": "rtb-0e3c7c3cdebb8ec76",
                        "attributes": {
                            "id": "rtb-0e3c7c3cdebb8ec76",
                            "owner_id": "694101087909",
                            "propagating_vgws.#": "0",
                            "route.#": "0",
                            "tags.%": "1",
                            "tags.Name": "Velocloud Private Routing Table",
                            "vpc_id": "vpc-0904f80de3e939bc1"
                        },
                        "meta": {},
                        "tainted": false
                    },
                    "deposed": [],
                    "provider": "provider.aws"
                },
                "aws_route_table_association.a": {
                    "type": "aws_route_table_association",
                    "depends_on": [
                        "aws_default_route_table.r",
                        "aws_subnet.public_subnet"
                    ],
                    "primary": {
                        "id": "rtbassoc-02e6f874654650a2b",
                        "attributes": {
                            "id": "rtbassoc-02e6f874654650a2b",
                            "route_table_id": "rtb-0d0238375652781f1",
                            "subnet_id": "subnet-0c88e60cd0b714baf"
                        },
                        "meta": {},
                        "tainted": false
                    },
                    "deposed": [],
                    "provider": "provider.aws"
                },
                "aws_route_table_association.a2": {
                    "type": "aws_route_table_association",
                    "depends_on": [
                        "aws_route_table.p",
                        "aws_subnet.private_subnet"
                    ],
                    "primary": {
                        "id": "rtbassoc-05a18bd82893ae3a3",
                        "attributes": {
                            "id": "rtbassoc-05a18bd82893ae3a3",
                            "route_table_id": "rtb-0e3c7c3cdebb8ec76",
                            "subnet_id": "subnet-04cb484ef62c6a8fb"
                        },
                        "meta": {},
                        "tainted": false
                    },
                    "deposed": [],
                    "provider": "provider.aws"
                },
                "aws_security_group.allow_velocloud": {
                    "type": "aws_security_group",
                    "depends_on": [
                        "aws_vpc.vpc"
                    ],
                    "primary": {
                        "id": "sg-0bd728320cac23bbc",
                        "attributes": {
                            "arn": "arn:aws:ec2:us-east-1:694101087909:security-group/sg-0bd728320cac23bbc",
                            "description": "Allow ",
                            "egress.#": "1",
                            "egress.482069346.cidr_blocks.#": "1",
                            "egress.482069346.cidr_blocks.0": "0.0.0.0/0",
                            "egress.482069346.description": "",
                            "egress.482069346.from_port": "0",
                            "egress.482069346.ipv6_cidr_blocks.#": "0",
                            "egress.482069346.prefix_list_ids.#": "0",
                            "egress.482069346.protocol": "-1",
                            "egress.482069346.security_groups.#": "0",
                            "egress.482069346.self": "false",
                            "egress.482069346.to_port": "0",
                            "id": "sg-0bd728320cac23bbc",
                            "ingress.#": "3",
                            "ingress.2541437006.cidr_blocks.#": "1",
                            "ingress.2541437006.cidr_blocks.0": "0.0.0.0/0",
                            "ingress.2541437006.description": "",
                            "ingress.2541437006.from_port": "22",
                            "ingress.2541437006.ipv6_cidr_blocks.#": "0",
                            "ingress.2541437006.prefix_list_ids.#": "0",
                            "ingress.2541437006.protocol": "tcp",
                            "ingress.2541437006.security_groups.#": "0",
                            "ingress.2541437006.self": "false",
                            "ingress.2541437006.to_port": "22",
                            "ingress.3068409405.cidr_blocks.#": "1",
                            "ingress.3068409405.cidr_blocks.0": "0.0.0.0/0",
                            "ingress.3068409405.description": "",
                            "ingress.3068409405.from_port": "8",
                            "ingress.3068409405.ipv6_cidr_blocks.#": "0",
                            "ingress.3068409405.prefix_list_ids.#": "0",
                            "ingress.3068409405.protocol": "icmp",
                            "ingress.3068409405.security_groups.#": "0",
                            "ingress.3068409405.self": "false",
                            "ingress.3068409405.to_port": "0",
                            "ingress.4046791028.cidr_blocks.#": "1",
                            "ingress.4046791028.cidr_blocks.0": "0.0.0.0/0",
                            "ingress.4046791028.description": "",
                            "ingress.4046791028.from_port": "2426",
                            "ingress.4046791028.ipv6_cidr_blocks.#": "0",
                            "ingress.4046791028.prefix_list_ids.#": "0",
                            "ingress.4046791028.protocol": "tcp",
                            "ingress.4046791028.security_groups.#": "0",
                            "ingress.4046791028.self": "false",
                            "ingress.4046791028.to_port": "2426",
                            "name": "allow_velocloud",
                            "owner_id": "694101087909",
                            "revoke_rules_on_delete": "false",
                            "tags.%": "1",
                            "tags.Name": "allow_all",
                            "vpc_id": "vpc-0904f80de3e939bc1"
                        },
                        "meta": {
                            "e2bfb730-ecaa-11e6-8f88-34363bc7c4c0": {
                                "create": 600000000000,
                                "delete": 600000000000
                            },
                            "schema_version": "1"
                        },
                        "tainted": false
                    },
                    "deposed": [],
                    "provider": "provider.aws"
                },
                "aws_subnet.private_subnet": {
                    "type": "aws_subnet",
                    "depends_on": [
                        "aws_vpc.vpc"
                    ],
                    "primary": {
                        "id": "subnet-04cb484ef62c6a8fb",
                        "attributes": {
                            "arn": "arn:aws:ec2:us-east-1:694101087909:subnet/subnet-04cb484ef62c6a8fb",
                            "assign_ipv6_address_on_creation": "false",
                            "availability_zone": "us-east-1d",
                            "availability_zone_id": "use1-az4",
                            "cidr_block": "10.75.1.0/24",
                            "id": "subnet-04cb484ef62c6a8fb",
                            "ipv6_cidr_block": "",
                            "ipv6_cidr_block_association_id": "",
                            "map_public_ip_on_launch": "false",
                            "owner_id": "694101087909",
                            "tags.%": "1",
                            "tags.Name": "VCE Private Subnet",
                            "vpc_id": "vpc-0904f80de3e939bc1"
                        },
                        "meta": {
                            "e2bfb730-ecaa-11e6-8f88-34363bc7c4c0": {
                                "create": 600000000000,
                                "delete": 600000000000
                            },
                            "schema_version": "1"
                        },
                        "tainted": false
                    },
                    "deposed": [],
                    "provider": "provider.aws"
                },
                "aws_subnet.public_subnet": {
                    "type": "aws_subnet",
                    "depends_on": [
                        "aws_vpc.vpc"
                    ],
                    "primary": {
                        "id": "subnet-0c88e60cd0b714baf",
                        "attributes": {
                            "arn": "arn:aws:ec2:us-east-1:694101087909:subnet/subnet-0c88e60cd0b714baf",
                            "assign_ipv6_address_on_creation": "false",
                            "availability_zone": "us-east-1d",
                            "availability_zone_id": "use1-az4",
                            "cidr_block": "10.75.0.0/24",
                            "id": "subnet-0c88e60cd0b714baf",
                            "ipv6_cidr_block": "",
                            "ipv6_cidr_block_association_id": "",
                            "map_public_ip_on_launch": "false",
                            "owner_id": "694101087909",
                            "tags.%": "1",
                            "tags.Name": "VCE Public Subnet",
                            "vpc_id": "vpc-0904f80de3e939bc1"
                        },
                        "meta": {
                            "e2bfb730-ecaa-11e6-8f88-34363bc7c4c0": {
                                "create": 600000000000,
                                "delete": 600000000000
                            },
                            "schema_version": "1"
                        },
                        "tainted": false
                    },
                    "deposed": [],
                    "provider": "provider.aws"
                },
                "aws_vpc.vpc": {
                    "type": "aws_vpc",
                    "depends_on": [],
                    "primary": {
                        "id": "vpc-0904f80de3e939bc1",
                        "attributes": {
                            "arn": "arn:aws:ec2:us-east-1:694101087909:vpc/vpc-0904f80de3e939bc1",
                            "assign_generated_ipv6_cidr_block": "false",
                            "cidr_block": "10.75.0.0/23",
                            "default_network_acl_id": "acl-0b5a33e05186e587a",
                            "default_route_table_id": "rtb-0d0238375652781f1",
                            "default_security_group_id": "sg-04e43c73bd6c45314",
                            "dhcp_options_id": "dopt-fa8d8a9c",
                            "enable_classiclink": "false",
                            "enable_classiclink_dns_support": "false",
                            "enable_dns_hostnames": "false",
                            "enable_dns_support": "true",
                            "id": "vpc-0904f80de3e939bc1",
                            "instance_tenancy": "default",
                            "ipv6_association_id": "",
                            "ipv6_cidr_block": "",
                            "main_route_table_id": "rtb-0d0238375652781f1",
                            "owner_id": "694101087909",
                            "tags.%": "1",
                            "tags.Name": "Velocloud"
                        },
                        "meta": {
                            "schema_version": "1"
                        },
                        "tainted": false
                    },
                    "deposed": [],
                    "provider": "provider.aws"
                },
                "data.aws_availability_zones.all": {
                    "type": "aws_availability_zones",
                    "depends_on": [],
                    "primary": {
                        "id": "2019-03-19 19:17:24.233064 +0000 UTC",
                        "attributes": {
                            "id": "2019-03-19 19:17:24.233064 +0000 UTC",
                            "names.#": "6",
                            "names.0": "us-east-1a",
                            "names.1": "us-east-1b",
                            "names.2": "us-east-1c",
                            "names.3": "us-east-1d",
                            "names.4": "us-east-1e",
                            "names.5": "us-east-1f",
                            "zone_ids.#": "6",
                            "zone_ids.0": "use1-az6",
                            "zone_ids.1": "use1-az1",
                            "zone_ids.2": "use1-az2",
                            "zone_ids.3": "use1-az4",
                            "zone_ids.4": "use1-az3",
                            "zone_ids.5": "use1-az5"
                        },
                        "meta": {},
                        "tainted": false
                    },
                    "deposed": [],
                    "provider": "provider.aws"
                },
                "data.template_file.cloud-config": {
                    "type": "template_file",
                    "depends_on": [],
                    "primary": {
                        "id": "958ae8704caa44eeb972f55b85d56d014f9b3a2f9f4425eb8da881a97b3903a9",
                        "attributes": {
                            "id": "958ae8704caa44eeb972f55b85d56d014f9b3a2f9f4425eb8da881a97b3903a9",
                            "rendered": "      #cloud-config\n      velocloud:\n        vce:\n        vco: \"vco160-usca1.velocloud.net\"\n        activation_code: \"HLX6-CZ9V-FR5S-B5ZR\"\n        vco_ignore_cert_errors: false\n",
                            "template": "      #cloud-config\n      velocloud:\n        vce:\n        vco: \"vco160-usca1.velocloud.net\"\n        activation_code: \"HLX6-CZ9V-FR5S-B5ZR\"\n        vco_ignore_cert_errors: false\n"
                        },
                        "meta": {},
                        "tainted": false
                    },
                    "deposed": [],
                    "provider": "provider.template"
                }
            },
            "depends_on": []
        }
    ]
}
